PODS:
  - Alamofire (5.5.0)
  - AlamofireImage (4.2.0):
    - Alamofire (~> 5.4)
  - Highlightr (2.1.0)
  - Keys (1.0.1)
  - Optik (0.4.0)
  - SPAlert (4.2.0)
  - SwiftGen (6.5.1)

DEPENDENCIES:
  - AlamofireImage
  - Highlightr
  - Keys (from `Pods/CocoaPodsKeys`)
  - Optik (from `https://github.com/RiniaOkyama/Optik`)
  - SPAlert
  - SwiftGen

SPEC REPOS:
  trunk:
    - Alamofire
    - AlamofireImage
    - Highlightr
    - SPAlert
    - SwiftGen

EXTERNAL SOURCES:
  Keys:
    :path: Pods/CocoaPodsKeys
  Optik:
    :git: https://github.com/RiniaOkyama/Optik

CHECKOUT OPTIONS:
  Optik:
    :commit: bea6b823f3902b05084f49c721c940a3f8f69c27
    :git: https://github.com/RiniaOkyama/Optik

SPEC CHECKSUMS:
  Alamofire: 1c4fb5369c3fe93d2857c780d8bbe09f06f97e7c
  AlamofireImage: 34a2d90b0e5fe6a5605f85ae4b7b01e784c60192
  Highlightr: 595f3e100737c8de41113385da8bd0b5b65212c6
  Keys: a576f4c9c1c641ca913a959a9c62ed3f215a8de9
  Optik: 64066ad701b3d440bc4b3847a5f354b602e188aa
  SPAlert: 735da1f16a887e294719217572ce1f936d8c8782
  SwiftGen: a6d22010845f08fe18fbdf3a07a8e380fd22e0ea

PODFILE CHECKSUM: b1447272338ef77c10a6e4faa2d2dd467a2fdc66

COCOAPODS: 1.11.2
