// !$*UTF8*$!
{
	archiveVersion = 1;
	classes = {
	};
	objectVersion = 52;
	objects = {

/* Begin PBXBuildFile section */
		08ACD7C369837892DC567AAA /* Pods_Marindeck.framework in Frameworks */ = {isa = PBXBuildFile; fileRef = CEA28C2D60DF9D5D334E129A /* Pods_Marindeck.framework */; };
		668181C66EAD57BA065D3F44 /* ViewController+Binding.swift in Sources */ = {isa = PBXBuildFile; fileRef = 668187D7AB1B020164C53A50 /* ViewController+Binding.swift */; };
		E91470F1264AAF37009BC91E /* TermsOfUseViewController.swift in Sources */ = {isa = PBXBuildFile; fileRef = E91470F0264AAF37009BC91E /* TermsOfUseViewController.swift */; };
		E9147106264B34C8009BC91E /* TermsOfUse.md in Resources */ = {isa = PBXBuildFile; fileRef = E9147105264B34C8009BC91E /* TermsOfUse.md */; };
		E921914C2650F504000435EA /* WKWebView+safeAreaInsets.swift in Sources */ = {isa = PBXBuildFile; fileRef = E921914B2650F504000435EA /* WKWebView+safeAreaInsets.swift */; };
		E929E805260097DF00211FD2 /* LicenseViewController.swift in Sources */ = {isa = PBXBuildFile; fileRef = E929E804260097DF00211FD2 /* LicenseViewController.swift */; };
		E92CF6F4264B73960001A719 /* Theme-Frostclear.js in Resources */ = {isa = PBXBuildFile; fileRef = E92CF6F3264B73960001A719 /* Theme-Frostclear.js */; };
		E93F57082643A87A00593DF4 /* ThemeViewController.swift in Sources */ = {isa = PBXBuildFile; fileRef = E93F57072643A87A00593DF4 /* ThemeViewController.swift */; };
		E93F570D2643AF1500593DF4 /* ThemeTableViewCell.swift in Sources */ = {isa = PBXBuildFile; fileRef = E93F570B2643AF1500593DF4 /* ThemeTableViewCell.swift */; };
		E93F570E2643AF1500593DF4 /* ThemeTableViewCell.xib in Resources */ = {isa = PBXBuildFile; fileRef = E93F570C2643AF1500593DF4 /* ThemeTableViewCell.xib */; };
		E93F5737264416AB00593DF4 /* NDTweetBtn.swift in Sources */ = {isa = PBXBuildFile; fileRef = E93F5736264416AB00593DF4 /* NDTweetBtn.swift */; };
		E9583E1D2688A79C0083AA53 /* strings.swift in Sources */ = {isa = PBXBuildFile; fileRef = E9583E1C2688A79C0083AA53 /* strings.swift */; };
		E9583E212688A7B70083AA53 /* assets-images.swift in Sources */ = {isa = PBXBuildFile; fileRef = E9583E202688A7B70083AA53 /* assets-images.swift */; };
		E95CA5D6264E919100AA2305 /* Theme-Dolce_v2.js in Resources */ = {isa = PBXBuildFile; fileRef = E95CA5D5264E919000AA2305 /* Theme-Dolce_v2.js */; };
		E96769D125AE0F4D00D1826C /* mtdeck.js in Resources */ = {isa = PBXBuildFile; fileRef = E96769D025AE0F4D00D1826C /* mtdeck.js */; };
		E97247F9264795DB0044C87E /* ThemeDetailViewController.swift in Sources */ = {isa = PBXBuildFile; fileRef = E97247F8264795DB0044C87E /* ThemeDetailViewController.swift */; };
		E9724811264837640044C87E /* UIColor+themes.swift in Sources */ = {isa = PBXBuildFile; fileRef = E9724810264837640044C87E /* UIColor+themes.swift */; };
		E9724816264847870044C87E /* Theme-Midnight.js in Resources */ = {isa = PBXBuildFile; fileRef = E9724815264847870044C87E /* Theme-Midnight.js */; };
		E9732AA925ADDDFD0068F632 /* AppDelegate.swift in Sources */ = {isa = PBXBuildFile; fileRef = E9732AA825ADDDFD0068F632 /* AppDelegate.swift */; };
		E9732AAB25ADDDFD0068F632 /* SceneDelegate.swift in Sources */ = {isa = PBXBuildFile; fileRef = E9732AAA25ADDDFD0068F632 /* SceneDelegate.swift */; };
		E9732AAD25ADDDFD0068F632 /* ViewController.swift in Sources */ = {isa = PBXBuildFile; fileRef = E9732AAC25ADDDFD0068F632 /* ViewController.swift */; };
		E9732AB025ADDDFD0068F632 /* Main.storyboard in Resources */ = {isa = PBXBuildFile; fileRef = E9732AAE25ADDDFD0068F632 /* Main.storyboard */; };
		E9732AB225ADDE000068F632 /* Assets.xcassets in Resources */ = {isa = PBXBuildFile; fileRef = E9732AB125ADDE000068F632 /* Assets.xcassets */; };
		E9732AB525ADDE000068F632 /* LaunchScreen.storyboard in Resources */ = {isa = PBXBuildFile; fileRef = E9732AB325ADDE000068F632 /* LaunchScreen.storyboard */; };
		E9823A0425FF8F7100A70AB4 /* UIImage+URL.swift in Sources */ = {isa = PBXBuildFile; fileRef = E9823A0325FF8F7100A70AB4 /* UIImage+URL.swift */; };
		E9836FE52625AF5300FE711D /* marindeck-css.js in Resources */ = {isa = PBXBuildFile; fileRef = E9836FE42625AF5300FE711D /* marindeck-css.js */; };
		E9836FE82625C50D00FE711D /* marindeck.css in Resources */ = {isa = PBXBuildFile; fileRef = E9836FE72625C50D00FE711D /* marindeck.css */; };
		E993A2E725B07F90003DAE3A /* AlamofireImageDownloader.swift in Sources */ = {isa = PBXBuildFile; fileRef = E993A2E625B07F90003DAE3A /* AlamofireImageDownloader.swift */; };
		E993A30D25B2CB96003DAE3A /* SettingsTableViewController.swift in Sources */ = {isa = PBXBuildFile; fileRef = E993A30C25B2CB94003DAE3A /* SettingsTableViewController.swift */; };
		E993A31625B2EEAA003DAE3A /* DebugerViewController.swift in Sources */ = {isa = PBXBuildFile; fileRef = E993A31425B2EEA9003DAE3A /* DebugerViewController.swift */; };
		E993A31725B2EEAA003DAE3A /* DebugerViewController.xib in Resources */ = {isa = PBXBuildFile; fileRef = E993A31525B2EEA9003DAE3A /* DebugerViewController.xib */; };
		E993A39325B4B7D4003DAE3A /* marindeck.js in Resources */ = {isa = PBXBuildFile; fileRef = E993A39225B4B7D3003DAE3A /* marindeck.js */; };
		E9A8507C25D3CD240084A00C /* String+leftPadding.swift in Sources */ = {isa = PBXBuildFile; fileRef = E9A8507825D3CD240084A00C /* String+leftPadding.swift */; };
		E9A8507D25D3CD240084A00C /* UIColor+hex.swift in Sources */ = {isa = PBXBuildFile; fileRef = E9A8507925D3CD240084A00C /* UIColor+hex.swift */; };
		E9A8507E25D3CD240084A00C /* UIView+.swift in Sources */ = {isa = PBXBuildFile; fileRef = E9A8507A25D3CD240084A00C /* UIView+.swift */; };
		E9A8507F25D3CD240084A00C /* Error+.swift in Sources */ = {isa = PBXBuildFile; fileRef = E9A8507B25D3CD240084A00C /* Error+.swift */; };
		E9B93617265F2F0100875A59 /* Localizable.strings in Resources */ = {isa = PBXBuildFile; fileRef = E9B93619265F2F0100875A59 /* Localizable.strings */; };
		E9B9361E265F357A00875A59 /* String+localized.swift in Sources */ = {isa = PBXBuildFile; fileRef = E9B9361D265F357A00875A59 /* String+localized.swift */; };
		E9BA5A932623FDB700E27F14 /* CustomJSViewController.swift in Sources */ = {isa = PBXBuildFile; fileRef = E9BA5A922623FDB700E27F14 /* CustomJSViewController.swift */; };
		E9BA5A982623FE3300E27F14 /* CustomCellTableViewCell.swift in Sources */ = {isa = PBXBuildFile; fileRef = E9BA5A962623FE3300E27F14 /* CustomCellTableViewCell.swift */; };
		E9BA5A992623FE3300E27F14 /* CustomCellTableViewCell.xib in Resources */ = {isa = PBXBuildFile; fileRef = E9BA5A972623FE3300E27F14 /* CustomCellTableViewCell.xib */; };
		E9BA5AB2262401FD00E27F14 /* Const.swift in Sources */ = {isa = PBXBuildFile; fileRef = E9BA5AB1262401FD00E27F14 /* Const.swift */; };
		E9BA5AB62624039600E27F14 /* CustomAddCellTableViewCell.swift in Sources */ = {isa = PBXBuildFile; fileRef = E9BA5AB42624039600E27F14 /* CustomAddCellTableViewCell.swift */; };
		E9BA5AB72624039600E27F14 /* CustomAddCellTableViewCell.xib in Resources */ = {isa = PBXBuildFile; fileRef = E9BA5AB52624039600E27F14 /* CustomAddCellTableViewCell.xib */; };
		E9BA5ABA262406FD00E27F14 /* Date+timeAgoSinceDate.swift in Sources */ = {isa = PBXBuildFile; fileRef = E9BA5AB9262406FD00E27F14 /* Date+timeAgoSinceDate.swift */; };
		E9BA5ABE26240ECA00E27F14 /* EditCustomJSViewController.swift in Sources */ = {isa = PBXBuildFile; fileRef = E9BA5ABC26240ECA00E27F14 /* EditCustomJSViewController.swift */; };
		E9BA5ABF26240ECA00E27F14 /* EditCustomJSViewController.xib in Resources */ = {isa = PBXBuildFile; fileRef = E9BA5ABD26240ECA00E27F14 /* EditCustomJSViewController.xib */; };
		E9C2CC172645AFA1003EC5A0 /* ImageHapticPreviewViewController.swift in Sources */ = {isa = PBXBuildFile; fileRef = E9C2CC162645AFA1003EC5A0 /* ImageHapticPreviewViewController.swift */; };
		E9C2CC1C26469817003EC5A0 /* ViewController+WKScriptMessageHandler.swift in Sources */ = {isa = PBXBuildFile; fileRef = E9C2CC1B26469817003EC5A0 /* ViewController+WKScriptMessageHandler.swift */; };
		E9C2CC2026469E0C003EC5A0 /* ViewCotroller+ViewSetup.swift in Sources */ = {isa = PBXBuildFile; fileRef = E9C2CC1F26469E0C003EC5A0 /* ViewCotroller+ViewSetup.swift */; };
		E9C2CC2426469F79003EC5A0 /* ViewController+UIContextMenuInteractionDelegate.swift in Sources */ = {isa = PBXBuildFile; fileRef = E9C2CC2326469F79003EC5A0 /* ViewController+UIContextMenuInteractionDelegate.swift */; };
		E9DAA1142681BADE00BFE244 /* EditCustomCSSViewController.swift in Sources */ = {isa = PBXBuildFile; fileRef = E9DAA1122681BADE00BFE244 /* EditCustomCSSViewController.swift */; };
		E9DAA1152681BADE00BFE244 /* EditCustomCSSViewController.xib in Resources */ = {isa = PBXBuildFile; fileRef = E9DAA1132681BADE00BFE244 /* EditCustomCSSViewController.xib */; };
		E9E7E52B2643477400443186 /* MenuItemView.swift in Sources */ = {isa = PBXBuildFile; fileRef = E9E7E52A2643477400443186 /* MenuItemView.swift */; };
		E9EA8A3325FF53A400561975 /* MenuViewController.swift in Sources */ = {isa = PBXBuildFile; fileRef = E9EA8A3225FF53A400561975 /* MenuViewController.swift */; };
		E9EA8A3925FF5D0C00561975 /* ViewController+Swipe.swift in Sources */ = {isa = PBXBuildFile; fileRef = E9EA8A3825FF5D0C00561975 /* ViewController+Swipe.swift */; };
		E9EF3FB226280E2B004729B5 /* WidgetKit.framework in Frameworks */ = {isa = PBXBuildFile; fileRef = E9EF3FB126280E2B004729B5 /* WidgetKit.framework */; };
		E9EF3FB426280E2B004729B5 /* SwiftUI.framework in Frameworks */ = {isa = PBXBuildFile; fileRef = E9EF3FB326280E2B004729B5 /* SwiftUI.framework */; };
		E9EF3FB726280E2B004729B5 /* MarinDeckExtension.swift in Sources */ = {isa = PBXBuildFile; fileRef = E9EF3FB626280E2B004729B5 /* MarinDeckExtension.swift */; };
		E9EF3FBA26280E2E004729B5 /* Assets.xcassets in Resources */ = {isa = PBXBuildFile; fileRef = E9EF3FB926280E2E004729B5 /* Assets.xcassets */; };
		E9EF3FBC26280E2E004729B5 /* MarinDeckExtension.intentdefinition in Sources */ = {isa = PBXBuildFile; fileRef = E9EF3FB826280E2B004729B5 /* MarinDeckExtension.intentdefinition */; };
		E9EF3FBD26280E2E004729B5 /* MarinDeckExtension.intentdefinition in Sources */ = {isa = PBXBuildFile; fileRef = E9EF3FB826280E2B004729B5 /* MarinDeckExtension.intentdefinition */; };
		E9EF3FC026280E2E004729B5 /* MarinDeckExtensionExtension.appex in Embed App Extensions */ = {isa = PBXBuildFile; fileRef = E9EF3FB026280E2B004729B5 /* MarinDeckExtensionExtension.appex */; settings = {ATTRIBUTES = (RemoveHeadersOnCopy, ); }; };
		E9EFB19C262C069F00F6997A /* moduleraid.js in Resources */ = {isa = PBXBuildFile; fileRef = E9EFB19B262C069F00F6997A /* moduleraid.js */; };
		E9EFB1AA262C1F5F00F6997A /* .env in Resources */ = {isa = PBXBuildFile; fileRef = E9EFB1A9262C1F5F00F6997A /* .env */; };
		E9EFB1AE262C1F7A00F6997A /* .env.sample in Resources */ = {isa = PBXBuildFile; fileRef = E9EFB1AD262C1F7A00F6997A /* .env.sample */; };
		E9EFB1C4262C62DF00F6997A /* WKWebView+removeToolbar.swift in Sources */ = {isa = PBXBuildFile; fileRef = E9EFB1C3262C62DF00F6997A /* WKWebView+removeToolbar.swift */; };
		E9EFE09B261DAA2A00ABBAC8 /* WKWebView+evalute.swift in Sources */ = {isa = PBXBuildFile; fileRef = E9EFE09A261DAA2A00ABBAC8 /* WKWebView+evalute.swift */; };
		E9F0704B2671D21400CA812B /* CustomCSSViewController.swift in Sources */ = {isa = PBXBuildFile; fileRef = E9F0704A2671D21400CA812B /* CustomCSSViewController.swift */; };
/* End PBXBuildFile section */

/* Begin PBXContainerItemProxy section */
		E9EF3FBE26280E2E004729B5 /* PBXContainerItemProxy */ = {
			isa = PBXContainerItemProxy;
			containerPortal = E9732A9D25ADDDFD0068F632 /* Project object */;
			proxyType = 1;
			remoteGlobalIDString = E9EF3FAF26280E2B004729B5;
			remoteInfo = MarinDeckExtensionExtension;
		};
/* End PBXContainerItemProxy section */

/* Begin PBXCopyFilesBuildPhase section */
		E9EF3FC526280E2E004729B5 /* Embed App Extensions */ = {
			isa = PBXCopyFilesBuildPhase;
			buildActionMask = 2147483647;
			dstPath = "";
			dstSubfolderSpec = 13;
			files = (
				E9EF3FC026280E2E004729B5 /* MarinDeckExtensionExtension.appex in Embed App Extensions */,
			);
			name = "Embed App Extensions";
			runOnlyForDeploymentPostprocessing = 0;
		};
/* End PBXCopyFilesBuildPhase section */

/* Begin PBXFileReference section */
		318393D6B672121074CA0B5D /* Pods-Marindeck.debug.xcconfig */ = {isa = PBXFileReference; includeInIndex = 1; lastKnownFileType = text.xcconfig; name = "Pods-Marindeck.debug.xcconfig"; path = "Target Support Files/Pods-Marindeck/Pods-Marindeck.debug.xcconfig"; sourceTree = "<group>"; };
		668187D7AB1B020164C53A50 /* ViewController+Binding.swift */ = {isa = PBXFileReference; fileEncoding = 4; lastKnownFileType = sourcecode.swift; path = "ViewController+Binding.swift"; sourceTree = "<group>"; };
		97B149403DDF43B1C8360F10 /* Pods-Marindeck.release.xcconfig */ = {isa = PBXFileReference; includeInIndex = 1; lastKnownFileType = text.xcconfig; name = "Pods-Marindeck.release.xcconfig"; path = "Target Support Files/Pods-Marindeck/Pods-Marindeck.release.xcconfig"; sourceTree = "<group>"; };
		CEA28C2D60DF9D5D334E129A /* Pods_Marindeck.framework */ = {isa = PBXFileReference; explicitFileType = wrapper.framework; includeInIndex = 0; path = Pods_Marindeck.framework; sourceTree = BUILT_PRODUCTS_DIR; };
		E91470F0264AAF37009BC91E /* TermsOfUseViewController.swift */ = {isa = PBXFileReference; lastKnownFileType = sourcecode.swift; path = TermsOfUseViewController.swift; sourceTree = "<group>"; };
		E9147105264B34C8009BC91E /* TermsOfUse.md */ = {isa = PBXFileReference; lastKnownFileType = net.daringfireball.markdown; path = TermsOfUse.md; sourceTree = "<group>"; };
		E921914B2650F504000435EA /* WKWebView+safeAreaInsets.swift */ = {isa = PBXFileReference; lastKnownFileType = sourcecode.swift; path = "WKWebView+safeAreaInsets.swift"; sourceTree = "<group>"; };
		E929E804260097DF00211FD2 /* LicenseViewController.swift */ = {isa = PBXFileReference; lastKnownFileType = sourcecode.swift; path = LicenseViewController.swift; sourceTree = "<group>"; };
		E92CF6F3264B73960001A719 /* Theme-Frostclear.js */ = {isa = PBXFileReference; lastKnownFileType = sourcecode.javascript; path = "Theme-Frostclear.js"; sourceTree = "<group>"; };
		E93F57072643A87A00593DF4 /* ThemeViewController.swift */ = {isa = PBXFileReference; lastKnownFileType = sourcecode.swift; path = ThemeViewController.swift; sourceTree = "<group>"; };
		E93F570B2643AF1500593DF4 /* ThemeTableViewCell.swift */ = {isa = PBXFileReference; lastKnownFileType = sourcecode.swift; path = ThemeTableViewCell.swift; sourceTree = "<group>"; };
		E93F570C2643AF1500593DF4 /* ThemeTableViewCell.xib */ = {isa = PBXFileReference; lastKnownFileType = file.xib; path = ThemeTableViewCell.xib; sourceTree = "<group>"; };
		E93F5736264416AB00593DF4 /* NDTweetBtn.swift */ = {isa = PBXFileReference; fileEncoding = 4; lastKnownFileType = sourcecode.swift; path = NDTweetBtn.swift; sourceTree = "<group>"; };
		E9583E1C2688A79C0083AA53 /* strings.swift */ = {isa = PBXFileReference; lastKnownFileType = sourcecode.swift; path = strings.swift; sourceTree = "<group>"; };
		E9583E202688A7B70083AA53 /* assets-images.swift */ = {isa = PBXFileReference; lastKnownFileType = sourcecode.swift; path = "assets-images.swift"; sourceTree = "<group>"; };
		E95CA5D5264E919000AA2305 /* Theme-Dolce_v2.js */ = {isa = PBXFileReference; fileEncoding = 4; lastKnownFileType = sourcecode.javascript; path = "Theme-Dolce_v2.js"; sourceTree = "<group>"; };
		E96769C725ADEFA600D1826C /* Marindeck.entitlements */ = {isa = PBXFileReference; lastKnownFileType = text.plist.entitlements; path = Marindeck.entitlements; sourceTree = "<group>"; };
		E96769D025AE0F4D00D1826C /* mtdeck.js */ = {isa = PBXFileReference; fileEncoding = 4; lastKnownFileType = sourcecode.javascript; path = mtdeck.js; sourceTree = "<group>"; };
		E97247F8264795DB0044C87E /* ThemeDetailViewController.swift */ = {isa = PBXFileReference; lastKnownFileType = sourcecode.swift; path = ThemeDetailViewController.swift; sourceTree = "<group>"; };
		E9724810264837640044C87E /* UIColor+themes.swift */ = {isa = PBXFileReference; lastKnownFileType = sourcecode.swift; path = "UIColor+themes.swift"; sourceTree = "<group>"; };
		E9724815264847870044C87E /* Theme-Midnight.js */ = {isa = PBXFileReference; lastKnownFileType = sourcecode.javascript; path = "Theme-Midnight.js"; sourceTree = "<group>"; };
		E9732AA525ADDDFD0068F632 /* Marindeck.app */ = {isa = PBXFileReference; explicitFileType = wrapper.application; includeInIndex = 0; path = Marindeck.app; sourceTree = BUILT_PRODUCTS_DIR; };
		E9732AA825ADDDFD0068F632 /* AppDelegate.swift */ = {isa = PBXFileReference; lastKnownFileType = sourcecode.swift; path = AppDelegate.swift; sourceTree = "<group>"; };
		E9732AAA25ADDDFD0068F632 /* SceneDelegate.swift */ = {isa = PBXFileReference; lastKnownFileType = sourcecode.swift; path = SceneDelegate.swift; sourceTree = "<group>"; };
		E9732AAC25ADDDFD0068F632 /* ViewController.swift */ = {isa = PBXFileReference; lastKnownFileType = sourcecode.swift; path = ViewController.swift; sourceTree = "<group>"; };
		E9732AAF25ADDDFD0068F632 /* Base */ = {isa = PBXFileReference; lastKnownFileType = file.storyboard; name = Base; path = Base.lproj/Main.storyboard; sourceTree = "<group>"; };
		E9732AB125ADDE000068F632 /* Assets.xcassets */ = {isa = PBXFileReference; lastKnownFileType = folder.assetcatalog; path = Assets.xcassets; sourceTree = "<group>"; };
		E9732AB425ADDE000068F632 /* Base */ = {isa = PBXFileReference; lastKnownFileType = file.storyboard; name = Base; path = Base.lproj/LaunchScreen.storyboard; sourceTree = "<group>"; };
		E9732AB625ADDE000068F632 /* Info.plist */ = {isa = PBXFileReference; lastKnownFileType = text.plist.xml; path = Info.plist; sourceTree = "<group>"; };
		E97DB22C26561EAB009748A6 /* Marindeck-Bridging-Header.h */ = {isa = PBXFileReference; lastKnownFileType = sourcecode.c.h; path = "Marindeck-Bridging-Header.h"; sourceTree = "<group>"; };
		E9823A0325FF8F7100A70AB4 /* UIImage+URL.swift */ = {isa = PBXFileReference; lastKnownFileType = sourcecode.swift; path = "UIImage+URL.swift"; sourceTree = "<group>"; };
		E9836FE42625AF5300FE711D /* marindeck-css.js */ = {isa = PBXFileReference; fileEncoding = 4; lastKnownFileType = sourcecode.javascript; path = "marindeck-css.js"; sourceTree = "<group>"; };
		E9836FE72625C50D00FE711D /* marindeck.css */ = {isa = PBXFileReference; lastKnownFileType = text.css; path = marindeck.css; sourceTree = "<group>"; };
		E993A2E625B07F90003DAE3A /* AlamofireImageDownloader.swift */ = {isa = PBXFileReference; lastKnownFileType = sourcecode.swift; path = AlamofireImageDownloader.swift; sourceTree = "<group>"; };
		E993A30C25B2CB94003DAE3A /* SettingsTableViewController.swift */ = {isa = PBXFileReference; lastKnownFileType = sourcecode.swift; path = SettingsTableViewController.swift; sourceTree = "<group>"; };
		E993A31425B2EEA9003DAE3A /* DebugerViewController.swift */ = {isa = PBXFileReference; lastKnownFileType = sourcecode.swift; path = DebugerViewController.swift; sourceTree = "<group>"; };
		E993A31525B2EEA9003DAE3A /* DebugerViewController.xib */ = {isa = PBXFileReference; lastKnownFileType = file.xib; path = DebugerViewController.xib; sourceTree = "<group>"; };
		E993A39225B4B7D3003DAE3A /* marindeck.js */ = {isa = PBXFileReference; lastKnownFileType = sourcecode.javascript; path = marindeck.js; sourceTree = "<group>"; };
		E9A8507825D3CD240084A00C /* String+leftPadding.swift */ = {isa = PBXFileReference; fileEncoding = 4; lastKnownFileType = sourcecode.swift; path = "String+leftPadding.swift"; sourceTree = "<group>"; };
		E9A8507925D3CD240084A00C /* UIColor+hex.swift */ = {isa = PBXFileReference; fileEncoding = 4; lastKnownFileType = sourcecode.swift; path = "UIColor+hex.swift"; sourceTree = "<group>"; };
		E9A8507A25D3CD240084A00C /* UIView+.swift */ = {isa = PBXFileReference; fileEncoding = 4; lastKnownFileType = sourcecode.swift; path = "UIView+.swift"; sourceTree = "<group>"; };
		E9A8507B25D3CD240084A00C /* Error+.swift */ = {isa = PBXFileReference; fileEncoding = 4; lastKnownFileType = sourcecode.swift; path = "Error+.swift"; sourceTree = "<group>"; };
		E9B9360F265F2E8B00875A59 /* ja */ = {isa = PBXFileReference; lastKnownFileType = text.plist.strings; name = ja; path = ja.lproj/Main.strings; sourceTree = "<group>"; };
		E9B93618265F2F0100875A59 /* en */ = {isa = PBXFileReference; lastKnownFileType = text.plist.strings; name = en; path = en.lproj/Localizable.strings; sourceTree = "<group>"; };
		E9B9361C265F2F0400875A59 /* ja */ = {isa = PBXFileReference; lastKnownFileType = text.plist.strings; name = ja; path = ja.lproj/Localizable.strings; sourceTree = "<group>"; };
		E9B9361D265F357A00875A59 /* String+localized.swift */ = {isa = PBXFileReference; lastKnownFileType = sourcecode.swift; path = "String+localized.swift"; sourceTree = "<group>"; };
		E9BA5A922623FDB700E27F14 /* CustomJSViewController.swift */ = {isa = PBXFileReference; lastKnownFileType = sourcecode.swift; path = CustomJSViewController.swift; sourceTree = "<group>"; };
		E9BA5A962623FE3300E27F14 /* CustomCellTableViewCell.swift */ = {isa = PBXFileReference; lastKnownFileType = sourcecode.swift; path = CustomCellTableViewCell.swift; sourceTree = "<group>"; };
		E9BA5A972623FE3300E27F14 /* CustomCellTableViewCell.xib */ = {isa = PBXFileReference; lastKnownFileType = file.xib; path = CustomCellTableViewCell.xib; sourceTree = "<group>"; };
		E9BA5AB1262401FD00E27F14 /* Const.swift */ = {isa = PBXFileReference; lastKnownFileType = sourcecode.swift; path = Const.swift; sourceTree = "<group>"; };
		E9BA5AB42624039600E27F14 /* CustomAddCellTableViewCell.swift */ = {isa = PBXFileReference; lastKnownFileType = sourcecode.swift; path = CustomAddCellTableViewCell.swift; sourceTree = "<group>"; };
		E9BA5AB52624039600E27F14 /* CustomAddCellTableViewCell.xib */ = {isa = PBXFileReference; lastKnownFileType = file.xib; path = CustomAddCellTableViewCell.xib; sourceTree = "<group>"; };
		E9BA5AB9262406FD00E27F14 /* Date+timeAgoSinceDate.swift */ = {isa = PBXFileReference; lastKnownFileType = sourcecode.swift; path = "Date+timeAgoSinceDate.swift"; sourceTree = "<group>"; };
		E9BA5ABC26240ECA00E27F14 /* EditCustomJSViewController.swift */ = {isa = PBXFileReference; lastKnownFileType = sourcecode.swift; path = EditCustomJSViewController.swift; sourceTree = "<group>"; };
		E9BA5ABD26240ECA00E27F14 /* EditCustomJSViewController.xib */ = {isa = PBXFileReference; lastKnownFileType = file.xib; path = EditCustomJSViewController.xib; sourceTree = "<group>"; };
		E9C2CC162645AFA1003EC5A0 /* ImageHapticPreviewViewController.swift */ = {isa = PBXFileReference; lastKnownFileType = sourcecode.swift; path = ImageHapticPreviewViewController.swift; sourceTree = "<group>"; };
		E9C2CC1B26469817003EC5A0 /* ViewController+WKScriptMessageHandler.swift */ = {isa = PBXFileReference; lastKnownFileType = sourcecode.swift; path = "ViewController+WKScriptMessageHandler.swift"; sourceTree = "<group>"; };
		E9C2CC1F26469E0C003EC5A0 /* ViewCotroller+ViewSetup.swift */ = {isa = PBXFileReference; lastKnownFileType = sourcecode.swift; path = "ViewCotroller+ViewSetup.swift"; sourceTree = "<group>"; };
		E9C2CC2326469F79003EC5A0 /* ViewController+UIContextMenuInteractionDelegate.swift */ = {isa = PBXFileReference; lastKnownFileType = sourcecode.swift; path = "ViewController+UIContextMenuInteractionDelegate.swift"; sourceTree = "<group>"; };
		E9DAA1122681BADE00BFE244 /* EditCustomCSSViewController.swift */ = {isa = PBXFileReference; lastKnownFileType = sourcecode.swift; path = EditCustomCSSViewController.swift; sourceTree = "<group>"; };
		E9DAA1132681BADE00BFE244 /* EditCustomCSSViewController.xib */ = {isa = PBXFileReference; lastKnownFileType = file.xib; path = EditCustomCSSViewController.xib; sourceTree = "<group>"; };
		E9E7E52A2643477400443186 /* MenuItemView.swift */ = {isa = PBXFileReference; lastKnownFileType = sourcecode.swift; path = MenuItemView.swift; sourceTree = "<group>"; };
		E9EA8A3225FF53A400561975 /* MenuViewController.swift */ = {isa = PBXFileReference; lastKnownFileType = sourcecode.swift; path = MenuViewController.swift; sourceTree = "<group>"; };
		E9EA8A3825FF5D0C00561975 /* ViewController+Swipe.swift */ = {isa = PBXFileReference; lastKnownFileType = sourcecode.swift; path = "ViewController+Swipe.swift"; sourceTree = "<group>"; };
		E9EF3FB026280E2B004729B5 /* MarinDeckExtensionExtension.appex */ = {isa = PBXFileReference; explicitFileType = "wrapper.app-extension"; includeInIndex = 0; path = MarinDeckExtensionExtension.appex; sourceTree = BUILT_PRODUCTS_DIR; };
		E9EF3FB126280E2B004729B5 /* WidgetKit.framework */ = {isa = PBXFileReference; lastKnownFileType = wrapper.framework; name = WidgetKit.framework; path = System/Library/Frameworks/WidgetKit.framework; sourceTree = SDKROOT; };
		E9EF3FB326280E2B004729B5 /* SwiftUI.framework */ = {isa = PBXFileReference; lastKnownFileType = wrapper.framework; name = SwiftUI.framework; path = System/Library/Frameworks/SwiftUI.framework; sourceTree = SDKROOT; };
		E9EF3FB626280E2B004729B5 /* MarinDeckExtension.swift */ = {isa = PBXFileReference; lastKnownFileType = sourcecode.swift; path = MarinDeckExtension.swift; sourceTree = "<group>"; };
		E9EF3FB826280E2B004729B5 /* MarinDeckExtension.intentdefinition */ = {isa = PBXFileReference; lastKnownFileType = file.intentdefinition; path = MarinDeckExtension.intentdefinition; sourceTree = "<group>"; };
		E9EF3FB926280E2E004729B5 /* Assets.xcassets */ = {isa = PBXFileReference; lastKnownFileType = folder.assetcatalog; path = Assets.xcassets; sourceTree = "<group>"; };
		E9EF3FBB26280E2E004729B5 /* Info.plist */ = {isa = PBXFileReference; lastKnownFileType = text.plist.xml; path = Info.plist; sourceTree = "<group>"; };
		E9EF3FC126280E2E004729B5 /* MarinDeckExtensionExtension.entitlements */ = {isa = PBXFileReference; lastKnownFileType = text.plist.entitlements; path = MarinDeckExtensionExtension.entitlements; sourceTree = "<group>"; };
		E9EFB19B262C069F00F6997A /* moduleraid.js */ = {isa = PBXFileReference; fileEncoding = 4; lastKnownFileType = sourcecode.javascript; path = moduleraid.js; sourceTree = "<group>"; };
		E9EFB1A9262C1F5F00F6997A /* .env */ = {isa = PBXFileReference; lastKnownFileType = text; path = .env; sourceTree = "<group>"; };
		E9EFB1AD262C1F7A00F6997A /* .env.sample */ = {isa = PBXFileReference; lastKnownFileType = text; path = .env.sample; sourceTree = "<group>"; };
		E9EFB1C3262C62DF00F6997A /* WKWebView+removeToolbar.swift */ = {isa = PBXFileReference; lastKnownFileType = sourcecode.swift; path = "WKWebView+removeToolbar.swift"; sourceTree = "<group>"; };
		E9EFE09A261DAA2A00ABBAC8 /* WKWebView+evalute.swift */ = {isa = PBXFileReference; lastKnownFileType = sourcecode.swift; path = "WKWebView+evalute.swift"; sourceTree = "<group>"; };
		E9F0704A2671D21400CA812B /* CustomCSSViewController.swift */ = {isa = PBXFileReference; lastKnownFileType = sourcecode.swift; path = CustomCSSViewController.swift; sourceTree = "<group>"; };
/* End PBXFileReference section */

/* Begin PBXFrameworksBuildPhase section */
		E9732AA225ADDDFD0068F632 /* Frameworks */ = {
			isa = PBXFrameworksBuildPhase;
			buildActionMask = 2147483647;
			files = (
				08ACD7C369837892DC567AAA /* Pods_Marindeck.framework in Frameworks */,
			);
			runOnlyForDeploymentPostprocessing = 0;
		};
		E9EF3FAD26280E2B004729B5 /* Frameworks */ = {
			isa = PBXFrameworksBuildPhase;
			buildActionMask = 2147483647;
			files = (
				E9EF3FB426280E2B004729B5 /* SwiftUI.framework in Frameworks */,
				E9EF3FB226280E2B004729B5 /* WidgetKit.framework in Frameworks */,
			);
			runOnlyForDeploymentPostprocessing = 0;
		};
/* End PBXFrameworksBuildPhase section */

/* Begin PBXGroup section */
		43EA2BA5720518F1FBE06298 /* Frameworks */ = {
			isa = PBXGroup;
			children = (
				CEA28C2D60DF9D5D334E129A /* Pods_Marindeck.framework */,
				E9EF3FB126280E2B004729B5 /* WidgetKit.framework */,
				E9EF3FB326280E2B004729B5 /* SwiftUI.framework */,
			);
			name = Frameworks;
			sourceTree = "<group>";
		};
		E929E803260097C100211FD2 /* Settings */ = {
			isa = PBXGroup;
			children = (
				E93F57042643A81200593DF4 /* Theme */,
				E9DAA1112681B9D000BFE244 /* Custom */,
				E9F070412671CDB400CA812B /* CustomCSS */,
				E9BA5A912623FD9900E27F14 /* CustomJS */,
				E993A30C25B2CB94003DAE3A /* SettingsTableViewController.swift */,
				E929E804260097DF00211FD2 /* LicenseViewController.swift */,
				E91470F0264AAF37009BC91E /* TermsOfUseViewController.swift */,
				E9147105264B34C8009BC91E /* TermsOfUse.md */,
			);
			path = Settings;
			sourceTree = "<group>";
		};
		E93F57042643A81200593DF4 /* Theme */ = {
			isa = PBXGroup;
			children = (
				E93F57072643A87A00593DF4 /* ThemeViewController.swift */,
				E93F570B2643AF1500593DF4 /* ThemeTableViewCell.swift */,
				E93F570C2643AF1500593DF4 /* ThemeTableViewCell.xib */,
				E97247F8264795DB0044C87E /* ThemeDetailViewController.swift */,
			);
			path = Theme;
			sourceTree = "<group>";
		};
		E93F57352644167700593DF4 /* CustomView */ = {
			isa = PBXGroup;
			children = (
				E93F5736264416AB00593DF4 /* NDTweetBtn.swift */,
				E9C2CC162645AFA1003EC5A0 /* ImageHapticPreviewViewController.swift */,
			);
			path = CustomView;
			sourceTree = "<group>";
		};
		E9583E192688A7470083AA53 /* Generated */ = {
			isa = PBXGroup;
			children = (
				E9583E1C2688A79C0083AA53 /* strings.swift */,
				E9583E202688A7B70083AA53 /* assets-images.swift */,
			);
			path = Generated;
			sourceTree = "<group>";
		};
		E97248142648474F0044C87E /* Theme */ = {
			isa = PBXGroup;
			children = (
				E95CA5D5264E919000AA2305 /* Theme-Dolce_v2.js */,
				E9724815264847870044C87E /* Theme-Midnight.js */,
				E92CF6F3264B73960001A719 /* Theme-Frostclear.js */,
			);
			path = Theme;
			sourceTree = "<group>";
		};
		E9732A9C25ADDDFD0068F632 = {
			isa = PBXGroup;
			children = (
				E9EF3FC126280E2E004729B5 /* MarinDeckExtensionExtension.entitlements */,
				E9732AA725ADDDFD0068F632 /* Marindeck */,
				E9EF3FB526280E2B004729B5 /* MarinDeckExtension */,
				E9732AA625ADDDFD0068F632 /* Products */,
				F181E4C23DE886A8FEAB54DC /* Pods */,
				43EA2BA5720518F1FBE06298 /* Frameworks */,
			);
			sourceTree = "<group>";
		};
		E9732AA625ADDDFD0068F632 /* Products */ = {
			isa = PBXGroup;
			children = (
				E9732AA525ADDDFD0068F632 /* Marindeck.app */,
				E9EF3FB026280E2B004729B5 /* MarinDeckExtensionExtension.appex */,
			);
			name = Products;
			sourceTree = "<group>";
		};
		E9732AA725ADDDFD0068F632 /* Marindeck */ = {
			isa = PBXGroup;
			children = (
				E9583E192688A7470083AA53 /* Generated */,
				E9F070472671D0CF00CA812B /* Model */,
				E9B93612265F2EB500875A59 /* Strings */,
				E9BA5AB0262401F400E27F14 /* Const */,
				E9A8507725D3CD240084A00C /* Extensions */,
				E9EA8A3625FF53C200561975 /* Application */,
				E9EA8A3525FF53AB00561975 /* View */,
				E993A26B25AEDFE5003DAE3A /* js */,
				E9732AB125ADDE000068F632 /* Assets.xcassets */,
				E96769C725ADEFA600D1826C /* Marindeck.entitlements */,
				E9732AB625ADDE000068F632 /* Info.plist */,
				E97DB22C26561EAB009748A6 /* Marindeck-Bridging-Header.h */,
			);
			path = Marindeck;
			sourceTree = "<group>";
		};
		E993A26B25AEDFE5003DAE3A /* js */ = {
			isa = PBXGroup;
			children = (
				E97248142648474F0044C87E /* Theme */,
				E9EFB19B262C069F00F6997A /* moduleraid.js */,
				E9836FE42625AF5300FE711D /* marindeck-css.js */,
				E96769D025AE0F4D00D1826C /* mtdeck.js */,
				E993A39225B4B7D3003DAE3A /* marindeck.js */,
				E9836FE72625C50D00FE711D /* marindeck.css */,
			);
			path = js;
			sourceTree = "<group>";
		};
		E9A8507725D3CD240084A00C /* Extensions */ = {
			isa = PBXGroup;
			children = (
				E9EFE09A261DAA2A00ABBAC8 /* WKWebView+evalute.swift */,
				E9BA5AB9262406FD00E27F14 /* Date+timeAgoSinceDate.swift */,
				E9A8507825D3CD240084A00C /* String+leftPadding.swift */,
				E9A8507925D3CD240084A00C /* UIColor+hex.swift */,
				E9A8507A25D3CD240084A00C /* UIView+.swift */,
				E9A8507B25D3CD240084A00C /* Error+.swift */,
				E9823A0325FF8F7100A70AB4 /* UIImage+URL.swift */,
				E9EFB1C3262C62DF00F6997A /* WKWebView+removeToolbar.swift */,
				E9724810264837640044C87E /* UIColor+themes.swift */,
				E921914B2650F504000435EA /* WKWebView+safeAreaInsets.swift */,
				E9B9361D265F357A00875A59 /* String+localized.swift */,
			);
			path = Extensions;
			sourceTree = "<group>";
		};
		E9B93612265F2EB500875A59 /* Strings */ = {
			isa = PBXGroup;
			children = (
				E9B93619265F2F0100875A59 /* Localizable.strings */,
			);
			path = Strings;
			sourceTree = "<group>";
		};
		E9BA5A912623FD9900E27F14 /* CustomJS */ = {
			isa = PBXGroup;
			children = (
				E9BA5A922623FDB700E27F14 /* CustomJSViewController.swift */,
				E9BA5ABC26240ECA00E27F14 /* EditCustomJSViewController.swift */,
				E9BA5ABD26240ECA00E27F14 /* EditCustomJSViewController.xib */,
			);
			path = CustomJS;
			sourceTree = "<group>";
		};
		E9BA5AB0262401F400E27F14 /* Const */ = {
			isa = PBXGroup;
			children = (
				E9BA5AB1262401FD00E27F14 /* Const.swift */,
			);
			path = Const;
			sourceTree = "<group>";
		};
		E9C2CC1A264697CA003EC5A0 /* Core */ = {
			isa = PBXGroup;
			children = (
				E9732AAC25ADDDFD0068F632 /* ViewController.swift */,
				E9EA8A3825FF5D0C00561975 /* ViewController+Swipe.swift */,
				E9C2CC1B26469817003EC5A0 /* ViewController+WKScriptMessageHandler.swift */,
				E9C2CC1F26469E0C003EC5A0 /* ViewCotroller+ViewSetup.swift */,
				E9C2CC2326469F79003EC5A0 /* ViewController+UIContextMenuInteractionDelegate.swift */,
				668187D7AB1B020164C53A50 /* ViewController+Binding.swift */,
			);
			path = Core;
			sourceTree = "<group>";
		};
		E9DAA1112681B9D000BFE244 /* Custom */ = {
			isa = PBXGroup;
			children = (
				E9BA5A962623FE3300E27F14 /* CustomCellTableViewCell.swift */,
				E9BA5A972623FE3300E27F14 /* CustomCellTableViewCell.xib */,
				E9BA5AB42624039600E27F14 /* CustomAddCellTableViewCell.swift */,
				E9BA5AB52624039600E27F14 /* CustomAddCellTableViewCell.xib */,
			);
			path = Custom;
			sourceTree = "<group>";
		};
		E9E7E52E2643477E00443186 /* Menu */ = {
			isa = PBXGroup;
			children = (
				E9EA8A3225FF53A400561975 /* MenuViewController.swift */,
				E9E7E52A2643477400443186 /* MenuItemView.swift */,
			);
			path = Menu;
			sourceTree = "<group>";
		};
		E9EA8A3525FF53AB00561975 /* View */ = {
			isa = PBXGroup;
			children = (
				E93F57352644167700593DF4 /* CustomView */,
				E9E7E52E2643477E00443186 /* Menu */,
				E9EFE097261D9D7E00ABBAC8 /* Debuger */,
				E929E803260097C100211FD2 /* Settings */,
				E9C2CC1A264697CA003EC5A0 /* Core */,
				E9732AB325ADDE000068F632 /* LaunchScreen.storyboard */,
				E9732AAE25ADDDFD0068F632 /* Main.storyboard */,
				E993A2E625B07F90003DAE3A /* AlamofireImageDownloader.swift */,
			);
			path = View;
			sourceTree = "<group>";
		};
		E9EA8A3625FF53C200561975 /* Application */ = {
			isa = PBXGroup;
			children = (
				E9732AA825ADDDFD0068F632 /* AppDelegate.swift */,
				E9732AAA25ADDDFD0068F632 /* SceneDelegate.swift */,
				E9EFB1A9262C1F5F00F6997A /* .env */,
				E9EFB1AD262C1F7A00F6997A /* .env.sample */,
			);
			path = Application;
			sourceTree = "<group>";
		};
		E9EF3FB526280E2B004729B5 /* MarinDeckExtension */ = {
			isa = PBXGroup;
			children = (
				E9EF3FB626280E2B004729B5 /* MarinDeckExtension.swift */,
				E9EF3FB826280E2B004729B5 /* MarinDeckExtension.intentdefinition */,
				E9EF3FB926280E2E004729B5 /* Assets.xcassets */,
				E9EF3FBB26280E2E004729B5 /* Info.plist */,
			);
			path = MarinDeckExtension;
			sourceTree = "<group>";
		};
		E9EFE097261D9D7E00ABBAC8 /* Debuger */ = {
			isa = PBXGroup;
			children = (
				E993A31425B2EEA9003DAE3A /* DebugerViewController.swift */,
				E993A31525B2EEA9003DAE3A /* DebugerViewController.xib */,
			);
			path = Debuger;
			sourceTree = "<group>";
		};
		E9F070412671CDB400CA812B /* CustomCSS */ = {
			isa = PBXGroup;
			children = (
				E9F0704A2671D21400CA812B /* CustomCSSViewController.swift */,
				E9DAA1122681BADE00BFE244 /* EditCustomCSSViewController.swift */,
				E9DAA1132681BADE00BFE244 /* EditCustomCSSViewController.xib */,
			);
			path = CustomCSS;
			sourceTree = "<group>";
		};
		E9F070472671D0CF00CA812B /* Model */ = {
			isa = PBXGroup;
			children = (
			);
			path = Model;
			sourceTree = "<group>";
		};
		F181E4C23DE886A8FEAB54DC /* Pods */ = {
			isa = PBXGroup;
			children = (
				318393D6B672121074CA0B5D /* Pods-Marindeck.debug.xcconfig */,
				97B149403DDF43B1C8360F10 /* Pods-Marindeck.release.xcconfig */,
			);
			path = Pods;
			sourceTree = "<group>";
		};
/* End PBXGroup section */

/* Begin PBXNativeTarget section */
		E9732AA425ADDDFD0068F632 /* Marindeck */ = {
			isa = PBXNativeTarget;
			buildConfigurationList = E9732AB925ADDE000068F632 /* Build configuration list for PBXNativeTarget "Marindeck" */;
			buildPhases = (
				F4BD4AAF0352647C36B0A398 /* [CP] Check Pods Manifest.lock */,
				E9732AA125ADDDFD0068F632 /* Sources */,
				E9732AA225ADDDFD0068F632 /* Frameworks */,
				E9732AA325ADDDFD0068F632 /* Resources */,
				5E74D76816B587B2FEA65FF3 /* [CP] Embed Pods Frameworks */,
				E9EF3FC526280E2E004729B5 /* Embed App Extensions */,
				27F676EDE0872F6217BDCF71 /* [CP] Copy Pods Resources */,
			);
			buildRules = (
			);
			dependencies = (
				E9EF3FBF26280E2E004729B5 /* PBXTargetDependency */,
			);
			name = Marindeck;
			packageProductDependencies = (
				E9426B7E267986BF00B141A7,
			);
			productName = Marindecker;
			productReference = E9732AA525ADDDFD0068F632 /* Marindeck.app */;
			productType = "com.apple.product-type.application";
		};
		E9EF3FAF26280E2B004729B5 /* MarinDeckExtensionExtension */ = {
			isa = PBXNativeTarget;
			buildConfigurationList = E9EF3FC226280E2E004729B5 /* Build configuration list for PBXNativeTarget "MarinDeckExtensionExtension" */;
			buildPhases = (
				E9EF3FAC26280E2B004729B5 /* Sources */,
				E9EF3FAD26280E2B004729B5 /* Frameworks */,
				E9EF3FAE26280E2B004729B5 /* Resources */,
			);
			buildRules = (
			);
			dependencies = (
			);
			name = MarinDeckExtensionExtension;
			productName = MarinDeckExtensionExtension;
			productReference = E9EF3FB026280E2B004729B5 /* MarinDeckExtensionExtension.appex */;
			productType = "com.apple.product-type.app-extension";
		};
/* End PBXNativeTarget section */

/* Begin PBXProject section */
		E9732A9D25ADDDFD0068F632 /* Project object */ = {
			isa = PBXProject;
			attributes = {
				LastSwiftUpdateCheck = 1240;
				LastUpgradeCheck = 1230;
				TargetAttributes = {
					E9732AA425ADDDFD0068F632 = {
						CreatedOnToolsVersion = 12.3;
						LastSwiftMigration = 1240;
					};
					E9EF3FAF26280E2B004729B5 = {
						CreatedOnToolsVersion = 12.4;
					};
				};
			};
			buildConfigurationList = E9732AA025ADDDFD0068F632 /* Build configuration list for PBXProject "Marindeck" */;
			compatibilityVersion = "Xcode 9.3";
			developmentRegion = en;
			hasScannedForEncodings = 0;
			knownRegions = (
				en,
				Base,
				ja,
			);
			mainGroup = E9732A9C25ADDDFD0068F632;
			packageReferences = (
				E9426B7D267986BF00B141A7,
			);
			productRefGroup = E9732AA625ADDDFD0068F632 /* Products */;
			projectDirPath = "";
			projectRoot = "";
			targets = (
				E9732AA425ADDDFD0068F632 /* Marindeck */,
				E9EF3FAF26280E2B004729B5 /* MarinDeckExtensionExtension */,
			);
		};
/* End PBXProject section */

/* Begin PBXResourcesBuildPhase section */
		E9732AA325ADDDFD0068F632 /* Resources */ = {
			isa = PBXResourcesBuildPhase;
			buildActionMask = 2147483647;
			files = (
				E9DAA1152681BADE00BFE244 /* EditCustomCSSViewController.xib in Resources */,
				E95CA5D6264E919100AA2305 /* Theme-Dolce_v2.js in Resources */,
				E9724816264847870044C87E /* Theme-Midnight.js in Resources */,
				E9EFB1AE262C1F7A00F6997A /* .env.sample in Resources */,
				E93F570E2643AF1500593DF4 /* ThemeTableViewCell.xib in Resources */,
				E9147106264B34C8009BC91E /* TermsOfUse.md in Resources */,
				E9B93617265F2F0100875A59 /* Localizable.strings in Resources */,
				E96769D125AE0F4D00D1826C /* mtdeck.js in Resources */,
				E993A39325B4B7D4003DAE3A /* marindeck.js in Resources */,
				E9EFB19C262C069F00F6997A /* moduleraid.js in Resources */,
				E9BA5AB72624039600E27F14 /* CustomAddCellTableViewCell.xib in Resources */,
				E9732AB525ADDE000068F632 /* LaunchScreen.storyboard in Resources */,
				E9732AB225ADDE000068F632 /* Assets.xcassets in Resources */,
				E9BA5ABF26240ECA00E27F14 /* EditCustomJSViewController.xib in Resources */,
				E9BA5A992623FE3300E27F14 /* CustomCellTableViewCell.xib in Resources */,
				E9732AB025ADDDFD0068F632 /* Main.storyboard in Resources */,
				E993A31725B2EEAA003DAE3A /* DebugerViewController.xib in Resources */,
				E9836FE52625AF5300FE711D /* marindeck-css.js in Resources */,
				E9836FE82625C50D00FE711D /* marindeck.css in Resources */,
				E9EFB1AA262C1F5F00F6997A /* .env in Resources */,
				E92CF6F4264B73960001A719 /* Theme-Frostclear.js in Resources */,
			);
			runOnlyForDeploymentPostprocessing = 0;
		};
		E9EF3FAE26280E2B004729B5 /* Resources */ = {
			isa = PBXResourcesBuildPhase;
			buildActionMask = 2147483647;
			files = (
				E9EF3FBA26280E2E004729B5 /* Assets.xcassets in Resources */,
			);
			runOnlyForDeploymentPostprocessing = 0;
		};
/* End PBXResourcesBuildPhase section */

/* Begin PBXShellScriptBuildPhase section */
		27F676EDE0872F6217BDCF71 /* [CP] Copy Pods Resources */ = {
			isa = PBXShellScriptBuildPhase;
			buildActionMask = 2147483647;
			files = (
			);
			inputFileListPaths = (
				"${PODS_ROOT}/Target Support Files/Pods-Marindeck/Pods-Marindeck-resources-${CONFIGURATION}-input-files.xcfilelist",
			);
			name = "[CP] Copy Pods Resources";
			outputFileListPaths = (
				"${PODS_ROOT}/Target Support Files/Pods-Marindeck/Pods-Marindeck-resources-${CONFIGURATION}-output-files.xcfilelist",
			);
			runOnlyForDeploymentPostprocessing = 0;
			shellPath = /bin/sh;
			shellScript = "\"${PODS_ROOT}/Target Support Files/Pods-Marindeck/Pods-Marindeck-resources.sh\"\n";
			showEnvVarsInLog = 0;
		};
		5E74D76816B587B2FEA65FF3 /* [CP] Embed Pods Frameworks */ = {
			isa = PBXShellScriptBuildPhase;
			buildActionMask = 2147483647;
			files = (
			);
			inputFileListPaths = (
				"${PODS_ROOT}/Target Support Files/Pods-Marindeck/Pods-Marindeck-frameworks-${CONFIGURATION}-input-files.xcfilelist",
			);
			name = "[CP] Embed Pods Frameworks";
			outputFileListPaths = (
				"${PODS_ROOT}/Target Support Files/Pods-Marindeck/Pods-Marindeck-frameworks-${CONFIGURATION}-output-files.xcfilelist",
			);
			runOnlyForDeploymentPostprocessing = 0;
			shellPath = /bin/sh;
			shellScript = "\"${PODS_ROOT}/Target Support Files/Pods-Marindeck/Pods-Marindeck-frameworks.sh\"\n";
			showEnvVarsInLog = 0;
		};
		F4BD4AAF0352647C36B0A398 /* [CP] Check Pods Manifest.lock */ = {
			isa = PBXShellScriptBuildPhase;
			buildActionMask = 2147483647;
			files = (
			);
			inputFileListPaths = (
			);
			inputPaths = (
				"${PODS_PODFILE_DIR_PATH}/Podfile.lock",
				"${PODS_ROOT}/Manifest.lock",
			);
			name = "[CP] Check Pods Manifest.lock";
			outputFileListPaths = (
			);
			outputPaths = (
				"$(DERIVED_FILE_DIR)/Pods-Marindeck-checkManifestLockResult.txt",
			);
			runOnlyForDeploymentPostprocessing = 0;
			shellPath = /bin/sh;
			shellScript = "diff \"${PODS_PODFILE_DIR_PATH}/Podfile.lock\" \"${PODS_ROOT}/Manifest.lock\" > /dev/null\nif [ $? != 0 ] ; then\n    # print error to STDERR\n    echo \"error: The sandbox is not in sync with the Podfile.lock. Run 'pod install' or update your CocoaPods installation.\" >&2\n    exit 1\nfi\n# This output is used by Xcode 'outputs' to avoid re-running this script phase.\necho \"SUCCESS\" > \"${SCRIPT_OUTPUT_FILE_0}\"\n";
			showEnvVarsInLog = 0;
		};
/* End PBXShellScriptBuildPhase section */

/* Begin PBXSourcesBuildPhase section */
		E9732AA125ADDDFD0068F632 /* Sources */ = {
			isa = PBXSourcesBuildPhase;
			buildActionMask = 2147483647;
			files = (
				E993A2E725B07F90003DAE3A /* AlamofireImageDownloader.swift in Sources */,
				E9C2CC1C26469817003EC5A0 /* ViewController+WKScriptMessageHandler.swift in Sources */,
				E9EFE09B261DAA2A00ABBAC8 /* WKWebView+evalute.swift in Sources */,
				E9732AAD25ADDDFD0068F632 /* ViewController.swift in Sources */,
				E993A31625B2EEAA003DAE3A /* DebugerViewController.swift in Sources */,
				E9E7E52B2643477400443186 /* MenuItemView.swift in Sources */,
				E9EA8A3925FF5D0C00561975 /* ViewController+Swipe.swift in Sources */,
				E9EFB1C4262C62DF00F6997A /* WKWebView+removeToolbar.swift in Sources */,
				E9BA5ABA262406FD00E27F14 /* Date+timeAgoSinceDate.swift in Sources */,
				E993A30D25B2CB96003DAE3A /* SettingsTableViewController.swift in Sources */,
				E93F570D2643AF1500593DF4 /* ThemeTableViewCell.swift in Sources */,
				E9C2CC2426469F79003EC5A0 /* ViewController+UIContextMenuInteractionDelegate.swift in Sources */,
				E9BA5ABE26240ECA00E27F14 /* EditCustomJSViewController.swift in Sources */,
				E9EA8A3325FF53A400561975 /* MenuViewController.swift in Sources */,
				E9A8507C25D3CD240084A00C /* String+leftPadding.swift in Sources */,
				E921914C2650F504000435EA /* WKWebView+safeAreaInsets.swift in Sources */,
				E91470F1264AAF37009BC91E /* TermsOfUseViewController.swift in Sources */,
				E9DAA1142681BADE00BFE244 /* EditCustomCSSViewController.swift in Sources */,
				E9C2CC2026469E0C003EC5A0 /* ViewCotroller+ViewSetup.swift in Sources */,
				E9823A0425FF8F7100A70AB4 /* UIImage+URL.swift in Sources */,
				E9583E212688A7B70083AA53 /* assets-images.swift in Sources */,
				E9C2CC172645AFA1003EC5A0 /* ImageHapticPreviewViewController.swift in Sources */,
				E9A8507D25D3CD240084A00C /* UIColor+hex.swift in Sources */,
				E9A8507F25D3CD240084A00C /* Error+.swift in Sources */,
				E9583E1D2688A79C0083AA53 /* strings.swift in Sources */,
				E93F57082643A87A00593DF4 /* ThemeViewController.swift in Sources */,
				E9A8507E25D3CD240084A00C /* UIView+.swift in Sources */,
				E9732AA925ADDDFD0068F632 /* AppDelegate.swift in Sources */,
				E9724811264837640044C87E /* UIColor+themes.swift in Sources */,
				E9F0704B2671D21400CA812B /* CustomCSSViewController.swift in Sources */,
				E9BA5A982623FE3300E27F14 /* CustomCellTableViewCell.swift in Sources */,
				E929E805260097DF00211FD2 /* LicenseViewController.swift in Sources */,
				E93F5737264416AB00593DF4 /* NDTweetBtn.swift in Sources */,
				E9BA5A932623FDB700E27F14 /* CustomJSViewController.swift in Sources */,
				E9732AAB25ADDDFD0068F632 /* SceneDelegate.swift in Sources */,
				E9BA5AB2262401FD00E27F14 /* Const.swift in Sources */,
				E9BA5AB62624039600E27F14 /* CustomAddCellTableViewCell.swift in Sources */,
				E9EF3FBD26280E2E004729B5 /* MarinDeckExtension.intentdefinition in Sources */,
				E9B9361E265F357A00875A59 /* String+localized.swift in Sources */,
				E97247F9264795DB0044C87E /* ThemeDetailViewController.swift in Sources */,
				668181C66EAD57BA065D3F44 /* ViewController+Binding.swift in Sources */,
			);
			runOnlyForDeploymentPostprocessing = 0;
		};
		E9EF3FAC26280E2B004729B5 /* Sources */ = {
			isa = PBXSourcesBuildPhase;
			buildActionMask = 2147483647;
			files = (
				E9EF3FB726280E2B004729B5 /* MarinDeckExtension.swift in Sources */,
				E9EF3FBC26280E2E004729B5 /* MarinDeckExtension.intentdefinition in Sources */,
			);
			runOnlyForDeploymentPostprocessing = 0;
		};
/* End PBXSourcesBuildPhase section */

/* Begin PBXTargetDependency section */
		E9EF3FBF26280E2E004729B5 /* PBXTargetDependency */ = {
			isa = PBXTargetDependency;
			target = E9EF3FAF26280E2B004729B5 /* MarinDeckExtensionExtension */;
			targetProxy = E9EF3FBE26280E2E004729B5 /* PBXContainerItemProxy */;
		};
/* End PBXTargetDependency section */

/* Begin PBXVariantGroup section */
		E9732AAE25ADDDFD0068F632 /* Main.storyboard */ = {
			isa = PBXVariantGroup;
			children = (
				E9732AAF25ADDDFD0068F632 /* Base */,
				E9B9360F265F2E8B00875A59 /* ja */,
			);
			name = Main.storyboard;
			sourceTree = "<group>";
		};
		E9732AB325ADDE000068F632 /* LaunchScreen.storyboard */ = {
			isa = PBXVariantGroup;
			children = (
				E9732AB425ADDE000068F632 /* Base */,
			);
			name = LaunchScreen.storyboard;
			sourceTree = "<group>";
		};
		E9B93619265F2F0100875A59 /* Localizable.strings */ = {
			isa = PBXVariantGroup;
			children = (
				E9B93618265F2F0100875A59 /* en */,
				E9B9361C265F2F0400875A59 /* ja */,
			);
			name = Localizable.strings;
			sourceTree = "<group>";
		};
/* End PBXVariantGroup section */

/* Begin XCBuildConfiguration section */
		E9732AB725ADDE000068F632 /* Debug */ = {
			isa = XCBuildConfiguration;
			buildSettings = {
				ALWAYS_SEARCH_USER_PATHS = NO;
				CLANG_ANALYZER_LOCALIZABILITY_NONLOCALIZED = YES;
				CLANG_ANALYZER_NONNULL = YES;
				CLANG_ANALYZER_NUMBER_OBJECT_CONVERSION = YES_AGGRESSIVE;
				CLANG_CXX_LANGUAGE_STANDARD = "gnu++14";
				CLANG_CXX_LIBRARY = "libc++";
				CLANG_ENABLE_MODULES = YES;
				CLANG_ENABLE_OBJC_ARC = YES;
				CLANG_ENABLE_OBJC_WEAK = YES;
				CLANG_WARN_BLOCK_CAPTURE_AUTORELEASING = YES;
				CLANG_WARN_BOOL_CONVERSION = YES;
				CLANG_WARN_COMMA = YES;
				CLANG_WARN_CONSTANT_CONVERSION = YES;
				CLANG_WARN_DEPRECATED_OBJC_IMPLEMENTATIONS = YES;
				CLANG_WARN_DIRECT_OBJC_ISA_USAGE = YES_ERROR;
				CLANG_WARN_DOCUMENTATION_COMMENTS = YES;
				CLANG_WARN_EMPTY_BODY = YES;
				CLANG_WARN_ENUM_CONVERSION = YES;
				CLANG_WARN_INFINITE_RECURSION = YES;
				CLANG_WARN_INT_CONVERSION = YES;
				CLANG_WARN_NON_LITERAL_NULL_CONVERSION = YES;
				CLANG_WARN_OBJC_IMPLICIT_RETAIN_SELF = YES;
				CLANG_WARN_OBJC_LITERAL_CONVERSION = YES;
				CLANG_WARN_OBJC_ROOT_CLASS = YES_ERROR;
				CLANG_WARN_QUOTED_INCLUDE_IN_FRAMEWORK_HEADER = YES;
				CLANG_WARN_RANGE_LOOP_ANALYSIS = YES;
				CLANG_WARN_STRICT_PROTOTYPES = YES;
				CLANG_WARN_SUSPICIOUS_MOVE = YES;
				CLANG_WARN_UNGUARDED_AVAILABILITY = YES_AGGRESSIVE;
				CLANG_WARN_UNREACHABLE_CODE = YES;
				CLANG_WARN__DUPLICATE_METHOD_MATCH = YES;
				COPY_PHASE_STRIP = NO;
				DEBUG_INFORMATION_FORMAT = dwarf;
				ENABLE_STRICT_OBJC_MSGSEND = YES;
				ENABLE_TESTABILITY = YES;
				GCC_C_LANGUAGE_STANDARD = gnu11;
				GCC_DYNAMIC_NO_PIC = NO;
				GCC_NO_COMMON_BLOCKS = YES;
				GCC_OPTIMIZATION_LEVEL = 0;
				GCC_PREPROCESSOR_DEFINITIONS = (
					"DEBUG=1",
					"$(inherited)",
				);
				GCC_WARN_64_TO_32_BIT_CONVERSION = YES;
				GCC_WARN_ABOUT_RETURN_TYPE = YES_ERROR;
				GCC_WARN_UNDECLARED_SELECTOR = YES;
				GCC_WARN_UNINITIALIZED_AUTOS = YES_AGGRESSIVE;
				GCC_WARN_UNUSED_FUNCTION = YES;
				GCC_WARN_UNUSED_VARIABLE = YES;
				IPHONEOS_DEPLOYMENT_TARGET = 13.0;
				MTL_ENABLE_DEBUG_INFO = INCLUDE_SOURCE;
				MTL_FAST_MATH = YES;
				ONLY_ACTIVE_ARCH = YES;
				OTHER_SWIFT_FLAGS = "-D DEBUG";
				SDKROOT = iphoneos;
				SWIFT_ACTIVE_COMPILATION_CONDITIONS = DEBUG;
				SWIFT_OPTIMIZATION_LEVEL = "-Onone";
			};
			name = Debug;
		};
		E9732AB825ADDE000068F632 /* Release */ = {
			isa = XCBuildConfiguration;
			buildSettings = {
				ALWAYS_SEARCH_USER_PATHS = NO;
				CLANG_ANALYZER_LOCALIZABILITY_NONLOCALIZED = YES;
				CLANG_ANALYZER_NONNULL = YES;
				CLANG_ANALYZER_NUMBER_OBJECT_CONVERSION = YES_AGGRESSIVE;
				CLANG_CXX_LANGUAGE_STANDARD = "gnu++14";
				CLANG_CXX_LIBRARY = "libc++";
				CLANG_ENABLE_MODULES = YES;
				CLANG_ENABLE_OBJC_ARC = YES;
				CLANG_ENABLE_OBJC_WEAK = YES;
				CLANG_WARN_BLOCK_CAPTURE_AUTORELEASING = YES;
				CLANG_WARN_BOOL_CONVERSION = YES;
				CLANG_WARN_COMMA = YES;
				CLANG_WARN_CONSTANT_CONVERSION = YES;
				CLANG_WARN_DEPRECATED_OBJC_IMPLEMENTATIONS = YES;
				CLANG_WARN_DIRECT_OBJC_ISA_USAGE = YES_ERROR;
				CLANG_WARN_DOCUMENTATION_COMMENTS = YES;
				CLANG_WARN_EMPTY_BODY = YES;
				CLANG_WARN_ENUM_CONVERSION = YES;
				CLANG_WARN_INFINITE_RECURSION = YES;
				CLANG_WARN_INT_CONVERSION = YES;
				CLANG_WARN_NON_LITERAL_NULL_CONVERSION = YES;
				CLANG_WARN_OBJC_IMPLICIT_RETAIN_SELF = YES;
				CLANG_WARN_OBJC_LITERAL_CONVERSION = YES;
				CLANG_WARN_OBJC_ROOT_CLASS = YES_ERROR;
				CLANG_WARN_QUOTED_INCLUDE_IN_FRAMEWORK_HEADER = YES;
				CLANG_WARN_RANGE_LOOP_ANALYSIS = YES;
				CLANG_WARN_STRICT_PROTOTYPES = YES;
				CLANG_WARN_SUSPICIOUS_MOVE = YES;
				CLANG_WARN_UNGUARDED_AVAILABILITY = YES_AGGRESSIVE;
				CLANG_WARN_UNREACHABLE_CODE = YES;
				CLANG_WARN__DUPLICATE_METHOD_MATCH = YES;
				COPY_PHASE_STRIP = NO;
				DEBUG_INFORMATION_FORMAT = "dwarf-with-dsym";
				ENABLE_NS_ASSERTIONS = NO;
				ENABLE_STRICT_OBJC_MSGSEND = YES;
				GCC_C_LANGUAGE_STANDARD = gnu11;
				GCC_NO_COMMON_BLOCKS = YES;
				GCC_WARN_64_TO_32_BIT_CONVERSION = YES;
				GCC_WARN_ABOUT_RETURN_TYPE = YES_ERROR;
				GCC_WARN_UNDECLARED_SELECTOR = YES;
				GCC_WARN_UNINITIALIZED_AUTOS = YES_AGGRESSIVE;
				GCC_WARN_UNUSED_FUNCTION = YES;
				GCC_WARN_UNUSED_VARIABLE = YES;
				IPHONEOS_DEPLOYMENT_TARGET = 13.0;
				MTL_ENABLE_DEBUG_INFO = NO;
				MTL_FAST_MATH = YES;
				SDKROOT = iphoneos;
				SWIFT_COMPILATION_MODE = wholemodule;
				SWIFT_OPTIMIZATION_LEVEL = "-O";
				VALIDATE_PRODUCT = YES;
			};
			name = Release;
		};
		E9732ABA25ADDE000068F632 /* Debug */ = {
			isa = XCBuildConfiguration;
			baseConfigurationReference = 318393D6B672121074CA0B5D /* Pods-Marindeck.debug.xcconfig */;
			buildSettings = {
				ALWAYS_EMBED_SWIFT_STANDARD_LIBRARIES = YES;
				ASSETCATALOG_COMPILER_APPICON_NAME = AppIcon;
				ASSETCATALOG_COMPILER_GLOBAL_ACCENT_COLOR_NAME = AccentColor;
				CLANG_ENABLE_MODULES = YES;
				CODE_SIGN_ENTITLEMENTS = Marindeck/Marindeck.entitlements;
				CODE_SIGN_STYLE = Automatic;
				DEVELOPMENT_TEAM = 726VR75V6L;
				INFOPLIST_FILE = Marindeck/Info.plist;
				IPHONEOS_DEPLOYMENT_TARGET = 14.1;
				LD_RUNPATH_SEARCH_PATHS = (
					"$(inherited)",
					"@executable_path/Frameworks",
				);
				MARKETING_VERSION = 0.0.4;
				OTHER_SWIFT_FLAGS = "$(inherited) -D COCOAPODS";
				PRODUCT_BUNDLE_IDENTIFIER = marindeck;
				PRODUCT_NAME = "$(TARGET_NAME)";
				SUPPORTS_MACCATALYST = NO;
				SWIFT_ACTIVE_COMPILATION_CONDITIONS = DEBUG;
				SWIFT_OBJC_BRIDGING_HEADER = "Marindeck/Marindeck-Bridging-Header.h";
				SWIFT_OPTIMIZATION_LEVEL = "-Onone";
				SWIFT_VERSION = 5.0;
				TARGETED_DEVICE_FAMILY = "1,2";
			};
			name = Debug;
		};
		E9732ABB25ADDE000068F632 /* Release */ = {
			isa = XCBuildConfiguration;
			baseConfigurationReference = 97B149403DDF43B1C8360F10 /* Pods-Marindeck.release.xcconfig */;
			buildSettings = {
				ALWAYS_EMBED_SWIFT_STANDARD_LIBRARIES = YES;
				ASSETCATALOG_COMPILER_APPICON_NAME = AppIcon;
				ASSETCATALOG_COMPILER_GLOBAL_ACCENT_COLOR_NAME = AccentColor;
				CLANG_ENABLE_MODULES = YES;
				CODE_SIGN_ENTITLEMENTS = Marindeck/Marindeck.entitlements;
				CODE_SIGN_STYLE = Automatic;
				DEVELOPMENT_TEAM = 726VR75V6L;
				INFOPLIST_FILE = Marindeck/Info.plist;
				IPHONEOS_DEPLOYMENT_TARGET = 14.1;
				LD_RUNPATH_SEARCH_PATHS = (
					"$(inherited)",
					"@executable_path/Frameworks",
				);
				MARKETING_VERSION = 0.0.4;
				PRODUCT_BUNDLE_IDENTIFIER = marindeck;
				PRODUCT_NAME = "$(TARGET_NAME)";
				SUPPORTS_MACCATALYST = NO;
				SWIFT_OBJC_BRIDGING_HEADER = "Marindeck/Marindeck-Bridging-Header.h";
				SWIFT_VERSION = 5.0;
				TARGETED_DEVICE_FAMILY = "1,2";
			};
			name = Release;
		};
		E9EF3FC326280E2E004729B5 /* Debug */ = {
			isa = XCBuildConfiguration;
			buildSettings = {
				ASSETCATALOG_COMPILER_GLOBAL_ACCENT_COLOR_NAME = AccentColor;
				ASSETCATALOG_COMPILER_WIDGET_BACKGROUND_COLOR_NAME = WidgetBackground;
				CODE_SIGN_ENTITLEMENTS = MarinDeckExtensionExtension.entitlements;
				CODE_SIGN_STYLE = Automatic;
				DEVELOPMENT_TEAM = 726VR75V6L;
				INFOPLIST_FILE = MarinDeckExtension/Info.plist;
				IPHONEOS_DEPLOYMENT_TARGET = 14.4;
				LD_RUNPATH_SEARCH_PATHS = (
					"$(inherited)",
					"@executable_path/Frameworks",
					"@executable_path/../../Frameworks",
				);
				PRODUCT_BUNDLE_IDENTIFIER = marindeck.MarinDeckExtension;
				PRODUCT_NAME = "$(TARGET_NAME)";
				SKIP_INSTALL = YES;
				SUPPORTS_MACCATALYST = NO;
				SWIFT_VERSION = 5.0;
				TARGETED_DEVICE_FAMILY = "1,2";
			};
			name = Debug;
		};
		E9EF3FC426280E2E004729B5 /* Release */ = {
			isa = XCBuildConfiguration;
			buildSettings = {
				ASSETCATALOG_COMPILER_GLOBAL_ACCENT_COLOR_NAME = AccentColor;
				ASSETCATALOG_COMPILER_WIDGET_BACKGROUND_COLOR_NAME = WidgetBackground;
				CODE_SIGN_ENTITLEMENTS = MarinDeckExtensionExtension.entitlements;
				CODE_SIGN_STYLE = Automatic;
				DEVELOPMENT_TEAM = 726VR75V6L;
				INFOPLIST_FILE = MarinDeckExtension/Info.plist;
				IPHONEOS_DEPLOYMENT_TARGET = 14.4;
				LD_RUNPATH_SEARCH_PATHS = (
					"$(inherited)",
					"@executable_path/Frameworks",
					"@executable_path/../../Frameworks",
				);
				PRODUCT_BUNDLE_IDENTIFIER = marindeck.MarinDeckExtension;
				PRODUCT_NAME = "$(TARGET_NAME)";
				SKIP_INSTALL = YES;
				SUPPORTS_MACCATALYST = NO;
				SWIFT_VERSION = 5.0;
				TARGETED_DEVICE_FAMILY = "1,2";
			};
			name = Release;
		};
/* End XCBuildConfiguration section */

/* Begin XCConfigurationList section */
		E9732AA025ADDDFD0068F632 /* Build configuration list for PBXProject "Marindeck" */ = {
			isa = XCConfigurationList;
			buildConfigurations = (
				E9732AB725ADDE000068F632 /* Debug */,
				E9732AB825ADDE000068F632 /* Release */,
			);
			defaultConfigurationIsVisible = 0;
			defaultConfigurationName = Release;
		};
		E9732AB925ADDE000068F632 /* Build configuration list for PBXNativeTarget "Marindeck" */ = {
			isa = XCConfigurationList;
			buildConfigurations = (
				E9732ABA25ADDE000068F632 /* Debug */,
				E9732ABB25ADDE000068F632 /* Release */,
			);
			defaultConfigurationIsVisible = 0;
			defaultConfigurationName = Release;
		};
		E9EF3FC226280E2E004729B5 /* Build configuration list for PBXNativeTarget "MarinDeckExtensionExtension" */ = {
			isa = XCConfigurationList;
			buildConfigurations = (
				E9EF3FC326280E2E004729B5 /* Debug */,
				E9EF3FC426280E2E004729B5 /* Release */,
			);
			defaultConfigurationIsVisible = 0;
			defaultConfigurationName = Release;
		};
/* End XCConfigurationList section */

/* Begin XCRemoteSwiftPackageReference section */
		E9426B7D267986BF00B141A7 = {
			isa = XCRemoteSwiftPackageReference;
			repositoryURL = "https://github.com/realm/realm-cocoa";
			requirement = {
				kind = upToNextMajorVersion;
				minimumVersion = 10.8.0;
			};
		};
/* End XCRemoteSwiftPackageReference section */

/* Begin XCSwiftPackageProductDependency section */
		E9426B7E267986BF00B141A7 = {
			isa = XCSwiftPackageProductDependency;
			package = E9426B7D267986BF00B141A7;
			productName = RealmSwift;
		};
/* End XCSwiftPackageProductDependency section */
	};
	rootObject = E9732A9D25ADDDFD0068F632 /* Project object */;
}
