// !$*UTF8*$!
{
	archiveVersion = 1;
	classes = {
	};
	objectVersion = 52;
	objects = {

/* Begin PBXBuildFile section */
		05567F609DB133BE097D1E15 /* mtdeck.js in Resources */ = {isa = PBXBuildFile; fileRef = 494A0556643E62E4E5268174 /* mtdeck.js */; };
		0743638307E828BD9A772B3C /* Localizable.strings in Resources */ = {isa = PBXBuildFile; fileRef = 4A6029BBAEACB54C5EEB163B /* Localizable.strings */; };
		0D5D2FA5557A48368718BBBB /* AlamofireImageDownloader.swift in Sources */ = {isa = PBXBuildFile; fileRef = 17AB4954EC49D643947B9F24 /* AlamofireImageDownloader.swift */; };
		10774F5CFF174D6E37F48844 /* marindeck.js in Resources */ = {isa = PBXBuildFile; fileRef = 32F2F6B39A669981A2F6E075 /* marindeck.js */; };
		10F67CF7F37797785974EAA6 /* ThemeViewController.swift in Sources */ = {isa = PBXBuildFile; fileRef = 6AE2F2499672A6F33D7871A8 /* ThemeViewController.swift */; };
		1326B1BA7FD20DE1B7512C4C /* Theme-Frostclear.js in Resources */ = {isa = PBXBuildFile; fileRef = 92498364B7E456C25255A5BD /* Theme-Frostclear.js */; };
		157661D1814BBB83A00853A9 /* Pods_Marindeck.framework in Frameworks */ = {isa = PBXBuildFile; fileRef = 7DABD146F3C31A86995F8BC7 /* Pods_Marindeck.framework */; };
		1BBBA9919BCEE416CDEFCD60 /* CustomAddCellTableViewCell.swift in Sources */ = {isa = PBXBuildFile; fileRef = 913ADAE953939466FE77ADED /* CustomAddCellTableViewCell.swift */; };
		1BBDFC908AFCF4DA6313A941 /* EditCustomJSViewController.swift in Sources */ = {isa = PBXBuildFile; fileRef = 6347262CF33DD8FDC426E605 /* EditCustomJSViewController.swift */; };
		1D170C71EFEB7CD71DC68C55 /* AppDelegate.swift in Sources */ = {isa = PBXBuildFile; fileRef = 6ABC3B7F3FE2CCE1713DD35B /* AppDelegate.swift */; };
		2896C3CF37091C27AF607012 /* ViewCotroller+ViewSetup.swift in Sources */ = {isa = PBXBuildFile; fileRef = C6F6C087BA139617CF80787B /* ViewCotroller+ViewSetup.swift */; };
		2C37830420D4AE009294F818 /* marindeck.css in Resources */ = {isa = PBXBuildFile; fileRef = 565B8659CEE669A86A6C8644 /* marindeck.css */; };
		2D31A4D03B71020920419985 /* TermsOfUseViewController.swift in Sources */ = {isa = PBXBuildFile; fileRef = F4B71C3215A30B05BC209156 /* TermsOfUseViewController.swift */; };
		2F2E947158572BA7BB805F17 /* Date+timeAgoSinceDate.swift in Sources */ = {isa = PBXBuildFile; fileRef = 656419CC46ADAE18973AE73B /* Date+timeAgoSinceDate.swift */; };
		305E07F2E1D81EF1019C43EE /* DebugerViewController.swift in Sources */ = {isa = PBXBuildFile; fileRef = A9A2D9D9D749F5CD9105BA2C /* DebugerViewController.swift */; };
		3164DF819864454A7A441904 /* Database.swift in Sources */ = {isa = PBXBuildFile; fileRef = 4DF3E8724CEF15491726AE3A /* Database.swift */; };
		35522C19C40E1982CC3FB7CC /* ViewController+Binding.swift in Sources */ = {isa = PBXBuildFile; fileRef = E881BC6033485EBF6C7414E3 /* ViewController+Binding.swift */; };
		373E08F238A3FCEF83AD5823 /* LaunchScreen.storyboard in Resources */ = {isa = PBXBuildFile; fileRef = 934F014634F10859070400B7 /* LaunchScreen.storyboard */; };
		3BA3AFB22B47EADD4BF9F845 /* WKWebView+removeToolbar.swift in Sources */ = {isa = PBXBuildFile; fileRef = 1F3619FDBE8D5C7CED10CE9B /* WKWebView+removeToolbar.swift */; };
		3F5AFD5A9025308E4342F420 /* Error+.swift in Sources */ = {isa = PBXBuildFile; fileRef = D76E9129CEF96326A0F69244 /* Error+.swift */; };
		422FDA2E34C18FC993861844 /* NDTweetBtn.swift in Sources */ = {isa = PBXBuildFile; fileRef = DE6784D8195C611AD1B8181D /* NDTweetBtn.swift */; };
		463D79FA5802D9FE2C476173 /* JSCallbackFlag.swift in Sources */ = {isa = PBXBuildFile; fileRef = D70D40DAF92A162F3BD06259 /* JSCallbackFlag.swift */; };
		4884240AEF93D99C04D60393 /* ViewController+UIContextMenuInteractionDelegate.swift in Sources */ = {isa = PBXBuildFile; fileRef = 822756E1662ED3163E59340A /* ViewController+UIContextMenuInteractionDelegate.swift */; };
		4AF0BFBF7A64B5F36E2D887F /* CustomAddCellTableViewCell.xib in Resources */ = {isa = PBXBuildFile; fileRef = 1ED6A51B6B1785B66311E8EC /* CustomAddCellTableViewCell.xib */; };
		4DFF2CFC8DDAF43F5486E434 /* String+leftPadding.swift in Sources */ = {isa = PBXBuildFile; fileRef = 589BA1F82025EBF0CDBB80BE /* String+leftPadding.swift */; };
		55C943EA7798AA757F17BF74 /* UIView+.swift in Sources */ = {isa = PBXBuildFile; fileRef = D59B988FCA36C7B5C12FEC6A /* UIView+.swift */; };
		5E016270A63C525EC5676C27 /* UIColor+hex.swift in Sources */ = {isa = PBXBuildFile; fileRef = 19E870733D7A86F01FD4E53D /* UIColor+hex.swift */; };
		639FCC8616D5413E3CDBF338 /* Const.swift in Sources */ = {isa = PBXBuildFile; fileRef = 80B94F41A1A7FDFEFDF24B8C /* Const.swift */; };
		66818C7B5991FC395748AD10 /* DebugSettings.swift in Sources */ = {isa = PBXBuildFile; fileRef = 66818005D0DB7FB08AEF1172 /* DebugSettings.swift */; };
		699138950465EEECA421C017 /* Theme-Dolce_v2.js in Resources */ = {isa = PBXBuildFile; fileRef = 03A3532C7F60AEF1E10E10D2 /* Theme-Dolce_v2.js */; };
		700A08AC3869D843CD9AD3C7 /* assets-images.swift in Sources */ = {isa = PBXBuildFile; fileRef = BB6EE243667A85CF09CBD8D9 /* assets-images.swift */; };
		713170B367E90853934EF4DC /* ViewController+WKScriptMessageHandler.swift in Sources */ = {isa = PBXBuildFile; fileRef = D1687061F3DECADB6FD0B533 /* ViewController+WKScriptMessageHandler.swift */; };
		71C29BFEB4C1F56F00FFABA4 /* GRDB in Frameworks */ = {isa = PBXBuildFile; productRef = 3ABE441D4AA0819E14B29C81 /* GRDB */; };
		7268A1666212581FC1E8AFB6 /* SceneDelegate.swift in Sources */ = {isa = PBXBuildFile; fileRef = 27B1A8EAAC21ABB2DB2FCBC7 /* SceneDelegate.swift */; };
		74983D51167683F37C179FE4 /* WKWebView+evalute.swift in Sources */ = {isa = PBXBuildFile; fileRef = EA998FC04A53C74D7C00AE0E /* WKWebView+evalute.swift */; };
		76FEA5777D1D7886386A2311 /* strings.swift in Sources */ = {isa = PBXBuildFile; fileRef = AF9A7AD43D6EB7140D8CF5ED /* strings.swift */; };
		993EE37513387FDC1761BA52 /* ThemeTableViewCell.xib in Resources */ = {isa = PBXBuildFile; fileRef = 6E6C49340A88F74A7E9D2AB9 /* ThemeTableViewCell.xib */; };
		A959F49AB05843D529D13BBC /* MenuViewController.swift in Sources */ = {isa = PBXBuildFile; fileRef = B60537E9AB47F9A3BEAE8F1A /* MenuViewController.swift */; };
		AD1742744B0936524BE2104E /* CustomJSViewController.swift in Sources */ = {isa = PBXBuildFile; fileRef = DF4BA1E6D430189323491FC6 /* CustomJSViewController.swift */; };
		B0ADC7D741C2210023EB2EB5 /* WKWebView+safeAreaInsets.swift in Sources */ = {isa = PBXBuildFile; fileRef = 6F386C792335881DE4F25DB2 /* WKWebView+safeAreaInsets.swift */; };
		B112136D1423A163E53B7899 /* CustomCSSViewController.swift in Sources */ = {isa = PBXBuildFile; fileRef = 920C20710EBB452CE5D23C05 /* CustomCSSViewController.swift */; };
		B3AD934F569EC65D2A9C0789 /* ThemeTableViewCell.swift in Sources */ = {isa = PBXBuildFile; fileRef = DA465D47E6941A6E6A91539E /* ThemeTableViewCell.swift */; };
		B72D1A4649CCCDD8D8B36000 /* TermsOfUse.md in Resources */ = {isa = PBXBuildFile; fileRef = C7F2052EA4B92BF363DA76A4 /* TermsOfUse.md */; };
		B73C20DE057B25B228740395 /* Theme-Midnight.js in Resources */ = {isa = PBXBuildFile; fileRef = FB6D3F4311818072B06FB855 /* Theme-Midnight.js */; };
		BC371840C8A3A3697BE6B5D0 /* ViewController+Swipe.swift in Sources */ = {isa = PBXBuildFile; fileRef = 5138EBA15965F190BAB271B2 /* ViewController+Swipe.swift */; };
		BC51800CABB659731154030F /* CustomCellTableViewCell.swift in Sources */ = {isa = PBXBuildFile; fileRef = 2421FC20D685678C3D9A2148 /* CustomCellTableViewCell.swift */; };
		BCD31C838990710888087463 /* Main.storyboard in Resources */ = {isa = PBXBuildFile; fileRef = 913FB41F7FB80673C937570E /* Main.storyboard */; };
		BF5DF535B5886AC45B876FF3 /* CustomCellTableViewCell.xib in Resources */ = {isa = PBXBuildFile; fileRef = 31AC9E8A528DD9CF80950680 /* CustomCellTableViewCell.xib */; };
		C17D045C7DFBA907D8CBDA6E /* EditCustomCSSViewController.swift in Sources */ = {isa = PBXBuildFile; fileRef = 3DB52410047344D5018A09F7 /* EditCustomCSSViewController.swift */; };
		C6DAFF704499DBF3B3D23A75 /* EditCustomCSSViewController.xib in Resources */ = {isa = PBXBuildFile; fileRef = 0182D532F3F124C602D3C454 /* EditCustomCSSViewController.xib */; };
		C7018CEB7F9C12A0E6AD8FDF /* EditCustomJSViewController.xib in Resources */ = {isa = PBXBuildFile; fileRef = 5A7FA131596430E9A92308B2 /* EditCustomJSViewController.xib */; };
		D0996315C12282A9B004C420 /* UIImage+URL.swift in Sources */ = {isa = PBXBuildFile; fileRef = 358698843926276E81A8C61E /* UIImage+URL.swift */; };
		D0CE4B10211178C5F10294D9 /* SettingsTableViewController.swift in Sources */ = {isa = PBXBuildFile; fileRef = 80CC82062CB064CC641A504D /* SettingsTableViewController.swift */; };
		D166E77C792EE3407E49137F /* MenuItemView.swift in Sources */ = {isa = PBXBuildFile; fileRef = CB99FCA35EBD584B3EFD0635 /* MenuItemView.swift */; };
		D9AC96A4E958C51B65F352FC /* String+localized.swift in Sources */ = {isa = PBXBuildFile; fileRef = 5A60E9564DFB65DBD2215446 /* String+localized.swift */; };
		DE054A51DFE3AC66AC82FF09 /* UIColor+themes.swift in Sources */ = {isa = PBXBuildFile; fileRef = B4858D83EF4AAB0A960FA535 /* UIColor+themes.swift */; };
		DE99CE886EDDCA009F625D7B /* DebugerViewController.xib in Resources */ = {isa = PBXBuildFile; fileRef = 0794CF2BE673428147449FB5 /* DebugerViewController.xib */; };
		E55742E288F1D51204FBF4A1 /* ViewController.swift in Sources */ = {isa = PBXBuildFile; fileRef = 49DFFFBA3FDE42E1C32215D1 /* ViewController.swift */; };
		E678A3FFB4FE7DCD1C1A18FF /* marindeck-css.js in Resources */ = {isa = PBXBuildFile; fileRef = 3D211C12B7B86584E6D6AE05 /* marindeck-css.js */; };
		EA9F04366A9D889D099E56CC /* moduleraid.js in Resources */ = {isa = PBXBuildFile; fileRef = FE1EDA0B8C927ABD54D49833 /* moduleraid.js */; };
		EF5CC9A3DE4049437D8C47F6 /* ThemeDetailViewController.swift in Sources */ = {isa = PBXBuildFile; fileRef = 23DB377647A6C160F4A005CC /* ThemeDetailViewController.swift */; };
		F362BE3EFE79DB83BE378DA6 /* ImageHapticPreviewViewController.swift in Sources */ = {isa = PBXBuildFile; fileRef = 9989FAEA216F8B4BE28A3E31 /* ImageHapticPreviewViewController.swift */; };
		FAD20DA5AFEF79A873A754E9 /* LicenseViewController.swift in Sources */ = {isa = PBXBuildFile; fileRef = 75A75EC05F6F4E81F1EDFA2F /* LicenseViewController.swift */; };
		FFA8C458A47D3EDD51D46681 /* Assets.xcassets in Resources */ = {isa = PBXBuildFile; fileRef = 7CEC1C49B641E168B96CA56E /* Assets.xcassets */; };
/* End PBXBuildFile section */

/* Begin PBXFileReference section */
		0182D532F3F124C602D3C454 /* EditCustomCSSViewController.xib */ = {isa = PBXFileReference; lastKnownFileType = file.xib; path = EditCustomCSSViewController.xib; sourceTree = "<group>"; };
		03A3532C7F60AEF1E10E10D2 /* Theme-Dolce_v2.js */ = {isa = PBXFileReference; lastKnownFileType = sourcecode.javascript; path = "Theme-Dolce_v2.js"; sourceTree = "<group>"; };
		063C3BD08B759D4D0BF8E39A /* ja */ = {isa = PBXFileReference; lastKnownFileType = text.plist.strings; name = ja; path = ja.lproj/Localizable.strings; sourceTree = "<group>"; };
		0794CF2BE673428147449FB5 /* DebugerViewController.xib */ = {isa = PBXFileReference; lastKnownFileType = file.xib; path = DebugerViewController.xib; sourceTree = "<group>"; };
		17AB4954EC49D643947B9F24 /* AlamofireImageDownloader.swift */ = {isa = PBXFileReference; lastKnownFileType = sourcecode.swift; path = AlamofireImageDownloader.swift; sourceTree = "<group>"; };
		19E870733D7A86F01FD4E53D /* UIColor+hex.swift */ = {isa = PBXFileReference; lastKnownFileType = sourcecode.swift; path = "UIColor+hex.swift"; sourceTree = "<group>"; };
		1ED6A51B6B1785B66311E8EC /* CustomAddCellTableViewCell.xib */ = {isa = PBXFileReference; lastKnownFileType = file.xib; path = CustomAddCellTableViewCell.xib; sourceTree = "<group>"; };
		1F3619FDBE8D5C7CED10CE9B /* WKWebView+removeToolbar.swift */ = {isa = PBXFileReference; lastKnownFileType = sourcecode.swift; path = "WKWebView+removeToolbar.swift"; sourceTree = "<group>"; };
		22A6FCC9B305701F43110856 /* en */ = {isa = PBXFileReference; lastKnownFileType = text.plist.strings; name = en; path = en.lproj/Localizable.strings; sourceTree = "<group>"; };
		22DCFA2858558D8934A79252 /* Marindeck.entitlements */ = {isa = PBXFileReference; lastKnownFileType = text.plist.entitlements; path = Marindeck.entitlements; sourceTree = "<group>"; };
		23DB377647A6C160F4A005CC /* ThemeDetailViewController.swift */ = {isa = PBXFileReference; lastKnownFileType = sourcecode.swift; path = ThemeDetailViewController.swift; sourceTree = "<group>"; };
		2421FC20D685678C3D9A2148 /* CustomCellTableViewCell.swift */ = {isa = PBXFileReference; lastKnownFileType = sourcecode.swift; path = CustomCellTableViewCell.swift; sourceTree = "<group>"; };
		27B1A8EAAC21ABB2DB2FCBC7 /* SceneDelegate.swift */ = {isa = PBXFileReference; lastKnownFileType = sourcecode.swift; path = SceneDelegate.swift; sourceTree = "<group>"; };
		29D68494F42A27631702ACF9 /* Base */ = {isa = PBXFileReference; lastKnownFileType = file.storyboard; name = Base; path = Base.lproj/Main.storyboard; sourceTree = "<group>"; };
		31AC9E8A528DD9CF80950680 /* CustomCellTableViewCell.xib */ = {isa = PBXFileReference; lastKnownFileType = file.xib; path = CustomCellTableViewCell.xib; sourceTree = "<group>"; };
		32F2F6B39A669981A2F6E075 /* marindeck.js */ = {isa = PBXFileReference; lastKnownFileType = sourcecode.javascript; path = marindeck.js; sourceTree = "<group>"; };
		358698843926276E81A8C61E /* UIImage+URL.swift */ = {isa = PBXFileReference; lastKnownFileType = sourcecode.swift; path = "UIImage+URL.swift"; sourceTree = "<group>"; };
		3D211C12B7B86584E6D6AE05 /* marindeck-css.js */ = {isa = PBXFileReference; lastKnownFileType = sourcecode.javascript; path = "marindeck-css.js"; sourceTree = "<group>"; };
		3DB52410047344D5018A09F7 /* EditCustomCSSViewController.swift */ = {isa = PBXFileReference; lastKnownFileType = sourcecode.swift; path = EditCustomCSSViewController.swift; sourceTree = "<group>"; };
		494A0556643E62E4E5268174 /* mtdeck.js */ = {isa = PBXFileReference; lastKnownFileType = sourcecode.javascript; path = mtdeck.js; sourceTree = "<group>"; };
		49DFFFBA3FDE42E1C32215D1 /* ViewController.swift */ = {isa = PBXFileReference; lastKnownFileType = sourcecode.swift; path = ViewController.swift; sourceTree = "<group>"; };
		4DF3E8724CEF15491726AE3A /* Database.swift */ = {isa = PBXFileReference; lastKnownFileType = sourcecode.swift; path = Database.swift; sourceTree = "<group>"; };
		5138EBA15965F190BAB271B2 /* ViewController+Swipe.swift */ = {isa = PBXFileReference; lastKnownFileType = sourcecode.swift; path = "ViewController+Swipe.swift"; sourceTree = "<group>"; };
		565B8659CEE669A86A6C8644 /* marindeck.css */ = {isa = PBXFileReference; lastKnownFileType = text.css; path = marindeck.css; sourceTree = "<group>"; };
		589BA1F82025EBF0CDBB80BE /* String+leftPadding.swift */ = {isa = PBXFileReference; lastKnownFileType = sourcecode.swift; path = "String+leftPadding.swift"; sourceTree = "<group>"; };
		5A60E9564DFB65DBD2215446 /* String+localized.swift */ = {isa = PBXFileReference; lastKnownFileType = sourcecode.swift; path = "String+localized.swift"; sourceTree = "<group>"; };
		5A7FA131596430E9A92308B2 /* EditCustomJSViewController.xib */ = {isa = PBXFileReference; lastKnownFileType = file.xib; path = EditCustomJSViewController.xib; sourceTree = "<group>"; };
		6347262CF33DD8FDC426E605 /* EditCustomJSViewController.swift */ = {isa = PBXFileReference; lastKnownFileType = sourcecode.swift; path = EditCustomJSViewController.swift; sourceTree = "<group>"; };
		647FF161E318915E0984AA56 /* ja */ = {isa = PBXFileReference; lastKnownFileType = text.plist.strings; name = ja; path = ja.lproj/Main.strings; sourceTree = "<group>"; };
		656419CC46ADAE18973AE73B /* Date+timeAgoSinceDate.swift */ = {isa = PBXFileReference; lastKnownFileType = sourcecode.swift; path = "Date+timeAgoSinceDate.swift"; sourceTree = "<group>"; };
		66818005D0DB7FB08AEF1172 /* DebugSettings.swift */ = {isa = PBXFileReference; fileEncoding = 4; lastKnownFileType = sourcecode.swift; path = DebugSettings.swift; sourceTree = "<group>"; };
		6ABC3B7F3FE2CCE1713DD35B /* AppDelegate.swift */ = {isa = PBXFileReference; lastKnownFileType = sourcecode.swift; path = AppDelegate.swift; sourceTree = "<group>"; };
		6AE2F2499672A6F33D7871A8 /* ThemeViewController.swift */ = {isa = PBXFileReference; lastKnownFileType = sourcecode.swift; path = ThemeViewController.swift; sourceTree = "<group>"; };
		6CF1553083CC34E157CBFAC1 /* Base */ = {isa = PBXFileReference; lastKnownFileType = file.storyboard; name = Base; path = Base.lproj/LaunchScreen.storyboard; sourceTree = "<group>"; };
		6E6C49340A88F74A7E9D2AB9 /* ThemeTableViewCell.xib */ = {isa = PBXFileReference; lastKnownFileType = file.xib; path = ThemeTableViewCell.xib; sourceTree = "<group>"; };
		6F386C792335881DE4F25DB2 /* WKWebView+safeAreaInsets.swift */ = {isa = PBXFileReference; lastKnownFileType = sourcecode.swift; path = "WKWebView+safeAreaInsets.swift"; sourceTree = "<group>"; };
		75A75EC05F6F4E81F1EDFA2F /* LicenseViewController.swift */ = {isa = PBXFileReference; lastKnownFileType = sourcecode.swift; path = LicenseViewController.swift; sourceTree = "<group>"; };
		7CEC1C49B641E168B96CA56E /* Assets.xcassets */ = {isa = PBXFileReference; lastKnownFileType = folder.assetcatalog; path = Assets.xcassets; sourceTree = "<group>"; };
		7DABD146F3C31A86995F8BC7 /* Pods_Marindeck.framework */ = {isa = PBXFileReference; explicitFileType = wrapper.framework; includeInIndex = 0; path = Pods_Marindeck.framework; sourceTree = BUILT_PRODUCTS_DIR; };
		80B94F41A1A7FDFEFDF24B8C /* Const.swift */ = {isa = PBXFileReference; lastKnownFileType = sourcecode.swift; path = Const.swift; sourceTree = "<group>"; };
		80CC82062CB064CC641A504D /* SettingsTableViewController.swift */ = {isa = PBXFileReference; lastKnownFileType = sourcecode.swift; path = SettingsTableViewController.swift; sourceTree = "<group>"; };
		822756E1662ED3163E59340A /* ViewController+UIContextMenuInteractionDelegate.swift */ = {isa = PBXFileReference; lastKnownFileType = sourcecode.swift; path = "ViewController+UIContextMenuInteractionDelegate.swift"; sourceTree = "<group>"; };
		8B7F717CE7539816BA793D7B /* Info.plist */ = {isa = PBXFileReference; lastKnownFileType = text.plist; path = Info.plist; sourceTree = "<group>"; };
		913ADAE953939466FE77ADED /* CustomAddCellTableViewCell.swift */ = {isa = PBXFileReference; lastKnownFileType = sourcecode.swift; path = CustomAddCellTableViewCell.swift; sourceTree = "<group>"; };
		920C20710EBB452CE5D23C05 /* CustomCSSViewController.swift */ = {isa = PBXFileReference; lastKnownFileType = sourcecode.swift; path = CustomCSSViewController.swift; sourceTree = "<group>"; };
		92498364B7E456C25255A5BD /* Theme-Frostclear.js */ = {isa = PBXFileReference; lastKnownFileType = sourcecode.javascript; path = "Theme-Frostclear.js"; sourceTree = "<group>"; };
		9989FAEA216F8B4BE28A3E31 /* ImageHapticPreviewViewController.swift */ = {isa = PBXFileReference; lastKnownFileType = sourcecode.swift; path = ImageHapticPreviewViewController.swift; sourceTree = "<group>"; };
		A9A2D9D9D749F5CD9105BA2C /* DebugerViewController.swift */ = {isa = PBXFileReference; lastKnownFileType = sourcecode.swift; path = DebugerViewController.swift; sourceTree = "<group>"; };
		AF9A7AD43D6EB7140D8CF5ED /* strings.swift */ = {isa = PBXFileReference; lastKnownFileType = sourcecode.swift; path = strings.swift; sourceTree = "<group>"; };
		B46B6E90C715AF99FA4E5971 /* Marindeck-Bridging-Header.h */ = {isa = PBXFileReference; lastKnownFileType = sourcecode.c.h; path = "Marindeck-Bridging-Header.h"; sourceTree = "<group>"; };
		B4858D83EF4AAB0A960FA535 /* UIColor+themes.swift */ = {isa = PBXFileReference; lastKnownFileType = sourcecode.swift; path = "UIColor+themes.swift"; sourceTree = "<group>"; };
		B60537E9AB47F9A3BEAE8F1A /* MenuViewController.swift */ = {isa = PBXFileReference; lastKnownFileType = sourcecode.swift; path = MenuViewController.swift; sourceTree = "<group>"; };
		BB6EE243667A85CF09CBD8D9 /* assets-images.swift */ = {isa = PBXFileReference; lastKnownFileType = sourcecode.swift; path = "assets-images.swift"; sourceTree = "<group>"; };
		C06713B59772D5AC64BDA96F /* Pods-Marindeck.release.xcconfig */ = {isa = PBXFileReference; includeInIndex = 1; lastKnownFileType = text.xcconfig; name = "Pods-Marindeck.release.xcconfig"; path = "Target Support Files/Pods-Marindeck/Pods-Marindeck.release.xcconfig"; sourceTree = "<group>"; };
		C6F6C087BA139617CF80787B /* ViewCotroller+ViewSetup.swift */ = {isa = PBXFileReference; lastKnownFileType = sourcecode.swift; path = "ViewCotroller+ViewSetup.swift"; sourceTree = "<group>"; };
		C7F2052EA4B92BF363DA76A4 /* TermsOfUse.md */ = {isa = PBXFileReference; lastKnownFileType = net.daringfireball.markdown; path = TermsOfUse.md; sourceTree = "<group>"; };
		CB99FCA35EBD584B3EFD0635 /* MenuItemView.swift */ = {isa = PBXFileReference; lastKnownFileType = sourcecode.swift; path = MenuItemView.swift; sourceTree = "<group>"; };
		D1687061F3DECADB6FD0B533 /* ViewController+WKScriptMessageHandler.swift */ = {isa = PBXFileReference; lastKnownFileType = sourcecode.swift; path = "ViewController+WKScriptMessageHandler.swift"; sourceTree = "<group>"; };
		D59B988FCA36C7B5C12FEC6A /* UIView+.swift */ = {isa = PBXFileReference; lastKnownFileType = sourcecode.swift; path = "UIView+.swift"; sourceTree = "<group>"; };
		D70D40DAF92A162F3BD06259 /* JSCallbackFlag.swift */ = {isa = PBXFileReference; lastKnownFileType = sourcecode.swift; path = JSCallbackFlag.swift; sourceTree = "<group>"; };
		D76E9129CEF96326A0F69244 /* Error+.swift */ = {isa = PBXFileReference; lastKnownFileType = sourcecode.swift; path = "Error+.swift"; sourceTree = "<group>"; };
		DA465D47E6941A6E6A91539E /* ThemeTableViewCell.swift */ = {isa = PBXFileReference; lastKnownFileType = sourcecode.swift; path = ThemeTableViewCell.swift; sourceTree = "<group>"; };
		DAF753D1ABDF4F00817003DD /* Pods-Marindeck.debug.xcconfig */ = {isa = PBXFileReference; includeInIndex = 1; lastKnownFileType = text.xcconfig; name = "Pods-Marindeck.debug.xcconfig"; path = "Target Support Files/Pods-Marindeck/Pods-Marindeck.debug.xcconfig"; sourceTree = "<group>"; };
		DE6784D8195C611AD1B8181D /* NDTweetBtn.swift */ = {isa = PBXFileReference; lastKnownFileType = sourcecode.swift; path = NDTweetBtn.swift; sourceTree = "<group>"; };
		DF4BA1E6D430189323491FC6 /* CustomJSViewController.swift */ = {isa = PBXFileReference; lastKnownFileType = sourcecode.swift; path = CustomJSViewController.swift; sourceTree = "<group>"; };
		E881BC6033485EBF6C7414E3 /* ViewController+Binding.swift */ = {isa = PBXFileReference; lastKnownFileType = sourcecode.swift; path = "ViewController+Binding.swift"; sourceTree = "<group>"; };
		EA998FC04A53C74D7C00AE0E /* WKWebView+evalute.swift */ = {isa = PBXFileReference; lastKnownFileType = sourcecode.swift; path = "WKWebView+evalute.swift"; sourceTree = "<group>"; };
		F4B71C3215A30B05BC209156 /* TermsOfUseViewController.swift */ = {isa = PBXFileReference; lastKnownFileType = sourcecode.swift; path = TermsOfUseViewController.swift; sourceTree = "<group>"; };
		FAE30C0C1CFE6CE7A29A9CBA /* Marindeck.app */ = {isa = PBXFileReference; includeInIndex = 0; lastKnownFileType = wrapper.application; path = Marindeck.app; sourceTree = BUILT_PRODUCTS_DIR; };
		FB6D3F4311818072B06FB855 /* Theme-Midnight.js */ = {isa = PBXFileReference; lastKnownFileType = sourcecode.javascript; path = "Theme-Midnight.js"; sourceTree = "<group>"; };
		FE1EDA0B8C927ABD54D49833 /* moduleraid.js */ = {isa = PBXFileReference; lastKnownFileType = sourcecode.javascript; path = moduleraid.js; sourceTree = "<group>"; };
/* End PBXFileReference section */

/* Begin PBXFrameworksBuildPhase section */
		41D73979D4AC516FB5C73FED /* Frameworks */ = {
			isa = PBXFrameworksBuildPhase;
			buildActionMask = 2147483647;
			files = (
				71C29BFEB4C1F56F00FFABA4 /* GRDB in Frameworks */,
				157661D1814BBB83A00853A9 /* Pods_Marindeck.framework in Frameworks */,
			);
			runOnlyForDeploymentPostprocessing = 0;
		};
/* End PBXFrameworksBuildPhase section */

/* Begin PBXGroup section */
		00C13348B9E8E8A6DD6FD9B1 = {
			isa = PBXGroup;
			children = (
				47653C0502C7013163808256 /* Marindeck */,
				F3B2D88A744D4945DEE74518 /* Products */,
				D6DE9CBF0F9F6BABD39ED890 /* Pods */,
				38ABAE6682889C91A5562582 /* Frameworks */,
			);
			sourceTree = "<group>";
		};
		020CAB3387773A1CD2E2E47D /* Database */ = {
			isa = PBXGroup;
			children = (
				4DF3E8724CEF15491726AE3A /* Database.swift */,
			);
			path = Database;
			sourceTree = "<group>";
		};
		0578B8B8550C6102D0B2561D /* Const */ = {
			isa = PBXGroup;
			children = (
				80B94F41A1A7FDFEFDF24B8C /* Const.swift */,
				D70D40DAF92A162F3BD06259 /* JSCallbackFlag.swift */,
				66818005D0DB7FB08AEF1172 /* DebugSettings.swift */,
			);
			path = Const;
			sourceTree = "<group>";
		};
		1DFD8F8BDB4D3B90C5C22EAD /* Application */ = {
			isa = PBXGroup;
			children = (
				6ABC3B7F3FE2CCE1713DD35B /* AppDelegate.swift */,
				27B1A8EAAC21ABB2DB2FCBC7 /* SceneDelegate.swift */,
			);
			path = Application;
			sourceTree = "<group>";
		};
		1FD5321D7125771F465180B2 /* Core */ = {
			isa = PBXGroup;
			children = (
				49DFFFBA3FDE42E1C32215D1 /* ViewController.swift */,
				E881BC6033485EBF6C7414E3 /* ViewController+Binding.swift */,
				5138EBA15965F190BAB271B2 /* ViewController+Swipe.swift */,
				822756E1662ED3163E59340A /* ViewController+UIContextMenuInteractionDelegate.swift */,
				D1687061F3DECADB6FD0B533 /* ViewController+WKScriptMessageHandler.swift */,
				C6F6C087BA139617CF80787B /* ViewCotroller+ViewSetup.swift */,
			);
			path = Core;
			sourceTree = "<group>";
		};
		20AB34CDAFDDA5C69F678BA7 /* CustomCSS */ = {
			isa = PBXGroup;
			children = (
				920C20710EBB452CE5D23C05 /* CustomCSSViewController.swift */,
				3DB52410047344D5018A09F7 /* EditCustomCSSViewController.swift */,
				0182D532F3F124C602D3C454 /* EditCustomCSSViewController.xib */,
			);
			path = CustomCSS;
			sourceTree = "<group>";
		};
		38ABAE6682889C91A5562582 /* Frameworks */ = {
			isa = PBXGroup;
			children = (
				7DABD146F3C31A86995F8BC7 /* Pods_Marindeck.framework */,
			);
			name = Frameworks;
			sourceTree = "<group>";
		};
		41FD99B291CCC89B87478E47 /* Debuger */ = {
			isa = PBXGroup;
			children = (
				A9A2D9D9D749F5CD9105BA2C /* DebugerViewController.swift */,
				0794CF2BE673428147449FB5 /* DebugerViewController.xib */,
			);
			path = Debuger;
			sourceTree = "<group>";
		};
		47653C0502C7013163808256 /* Marindeck */ = {
			isa = PBXGroup;
			children = (
				7CEC1C49B641E168B96CA56E /* Assets.xcassets */,
				8B7F717CE7539816BA793D7B /* Info.plist */,
				B46B6E90C715AF99FA4E5971 /* Marindeck-Bridging-Header.h */,
				22DCFA2858558D8934A79252 /* Marindeck.entitlements */,
				1DFD8F8BDB4D3B90C5C22EAD /* Application */,
				0578B8B8550C6102D0B2561D /* Const */,
				020CAB3387773A1CD2E2E47D /* Database */,
				B2A7DDAE6AF31A95B6443EBE /* Extensions */,
				FBD091DF67010F37FCCC729E /* Generated */,
				8642823DC407499E8D515FBC /* js */,
				B6ED6B3547B05BA0FFBB1DE4 /* Model */,
				E54674E6EE067BA2A36A4D62 /* Strings */,
				61829261E339C830B89E702D /* View */,
			);
			path = Marindeck;
			sourceTree = "<group>";
		};
		4F0CE2D26565DB78849ACD3F /* CustomView */ = {
			isa = PBXGroup;
			children = (
				9989FAEA216F8B4BE28A3E31 /* ImageHapticPreviewViewController.swift */,
				DE6784D8195C611AD1B8181D /* NDTweetBtn.swift */,
			);
			path = CustomView;
			sourceTree = "<group>";
		};
		521E453098D8FAC8EC3CA040 /* Theme */ = {
			isa = PBXGroup;
			children = (
				23DB377647A6C160F4A005CC /* ThemeDetailViewController.swift */,
				DA465D47E6941A6E6A91539E /* ThemeTableViewCell.swift */,
				6E6C49340A88F74A7E9D2AB9 /* ThemeTableViewCell.xib */,
				6AE2F2499672A6F33D7871A8 /* ThemeViewController.swift */,
			);
			path = Theme;
			sourceTree = "<group>";
		};
		61829261E339C830B89E702D /* View */ = {
			isa = PBXGroup;
			children = (
				17AB4954EC49D643947B9F24 /* AlamofireImageDownloader.swift */,
				934F014634F10859070400B7 /* LaunchScreen.storyboard */,
				913FB41F7FB80673C937570E /* Main.storyboard */,
				1FD5321D7125771F465180B2 /* Core */,
				4F0CE2D26565DB78849ACD3F /* CustomView */,
				41FD99B291CCC89B87478E47 /* Debuger */,
				A9C141685E6B9F8341CCD464 /* Menu */,
				77C89C20AC9FCF35F82FA0F0 /* Settings */,
			);
			path = View;
			sourceTree = "<group>";
		};
		6A0E7A200C213E57024BE66E /* Custom */ = {
			isa = PBXGroup;
			children = (
				913ADAE953939466FE77ADED /* CustomAddCellTableViewCell.swift */,
				1ED6A51B6B1785B66311E8EC /* CustomAddCellTableViewCell.xib */,
				2421FC20D685678C3D9A2148 /* CustomCellTableViewCell.swift */,
				31AC9E8A528DD9CF80950680 /* CustomCellTableViewCell.xib */,
			);
			path = Custom;
			sourceTree = "<group>";
		};
		6E2FC8A9B4B2F5372E47B5C2 /* Theme */ = {
			isa = PBXGroup;
			children = (
				03A3532C7F60AEF1E10E10D2 /* Theme-Dolce_v2.js */,
				92498364B7E456C25255A5BD /* Theme-Frostclear.js */,
				FB6D3F4311818072B06FB855 /* Theme-Midnight.js */,
			);
			path = Theme;
			sourceTree = "<group>";
		};
		77C89C20AC9FCF35F82FA0F0 /* Settings */ = {
			isa = PBXGroup;
			children = (
				75A75EC05F6F4E81F1EDFA2F /* LicenseViewController.swift */,
				80CC82062CB064CC641A504D /* SettingsTableViewController.swift */,
				C7F2052EA4B92BF363DA76A4 /* TermsOfUse.md */,
				F4B71C3215A30B05BC209156 /* TermsOfUseViewController.swift */,
				6A0E7A200C213E57024BE66E /* Custom */,
				20AB34CDAFDDA5C69F678BA7 /* CustomCSS */,
				BE7979844BD16F2FA26F45FC /* CustomJS */,
				521E453098D8FAC8EC3CA040 /* Theme */,
			);
			path = Settings;
			sourceTree = "<group>";
		};
		8642823DC407499E8D515FBC /* js */ = {
			isa = PBXGroup;
			children = (
				3D211C12B7B86584E6D6AE05 /* marindeck-css.js */,
				565B8659CEE669A86A6C8644 /* marindeck.css */,
				32F2F6B39A669981A2F6E075 /* marindeck.js */,
				FE1EDA0B8C927ABD54D49833 /* moduleraid.js */,
				494A0556643E62E4E5268174 /* mtdeck.js */,
				6E2FC8A9B4B2F5372E47B5C2 /* Theme */,
			);
			path = js;
			sourceTree = "<group>";
		};
		A9C141685E6B9F8341CCD464 /* Menu */ = {
			isa = PBXGroup;
			children = (
				CB99FCA35EBD584B3EFD0635 /* MenuItemView.swift */,
				B60537E9AB47F9A3BEAE8F1A /* MenuViewController.swift */,
			);
			path = Menu;
			sourceTree = "<group>";
		};
		B2A7DDAE6AF31A95B6443EBE /* Extensions */ = {
			isa = PBXGroup;
			children = (
				656419CC46ADAE18973AE73B /* Date+timeAgoSinceDate.swift */,
				D76E9129CEF96326A0F69244 /* Error+.swift */,
				589BA1F82025EBF0CDBB80BE /* String+leftPadding.swift */,
				5A60E9564DFB65DBD2215446 /* String+localized.swift */,
				19E870733D7A86F01FD4E53D /* UIColor+hex.swift */,
				B4858D83EF4AAB0A960FA535 /* UIColor+themes.swift */,
				358698843926276E81A8C61E /* UIImage+URL.swift */,
				D59B988FCA36C7B5C12FEC6A /* UIView+.swift */,
				EA998FC04A53C74D7C00AE0E /* WKWebView+evalute.swift */,
				1F3619FDBE8D5C7CED10CE9B /* WKWebView+removeToolbar.swift */,
				6F386C792335881DE4F25DB2 /* WKWebView+safeAreaInsets.swift */,
			);
			path = Extensions;
			sourceTree = "<group>";
		};
		B6ED6B3547B05BA0FFBB1DE4 /* Model */ = {
			isa = PBXGroup;
			children = (
			);
			path = Model;
			sourceTree = "<group>";
		};
		BE7979844BD16F2FA26F45FC /* CustomJS */ = {
			isa = PBXGroup;
			children = (
				DF4BA1E6D430189323491FC6 /* CustomJSViewController.swift */,
				6347262CF33DD8FDC426E605 /* EditCustomJSViewController.swift */,
				5A7FA131596430E9A92308B2 /* EditCustomJSViewController.xib */,
			);
			path = CustomJS;
			sourceTree = "<group>";
		};
		D6DE9CBF0F9F6BABD39ED890 /* Pods */ = {
			isa = PBXGroup;
			children = (
				DAF753D1ABDF4F00817003DD /* Pods-Marindeck.debug.xcconfig */,
				C06713B59772D5AC64BDA96F /* Pods-Marindeck.release.xcconfig */,
			);
			path = Pods;
			sourceTree = "<group>";
		};
		E54674E6EE067BA2A36A4D62 /* Strings */ = {
			isa = PBXGroup;
			children = (
				4A6029BBAEACB54C5EEB163B /* Localizable.strings */,
			);
			path = Strings;
			sourceTree = "<group>";
		};
		F3B2D88A744D4945DEE74518 /* Products */ = {
			isa = PBXGroup;
			children = (
				FAE30C0C1CFE6CE7A29A9CBA /* Marindeck.app */,
			);
			name = Products;
			sourceTree = "<group>";
		};
		FBD091DF67010F37FCCC729E /* Generated */ = {
			isa = PBXGroup;
			children = (
				BB6EE243667A85CF09CBD8D9 /* assets-images.swift */,
				AF9A7AD43D6EB7140D8CF5ED /* strings.swift */,
			);
			path = Generated;
			sourceTree = "<group>";
		};
/* End PBXGroup section */

/* Begin PBXNativeTarget section */
		E68C9416EFF3EEBB6DF24859 /* Marindeck */ = {
			isa = PBXNativeTarget;
			buildConfigurationList = 9B66A358E3830D480E25FC66 /* Build configuration list for PBXNativeTarget "Marindeck" */;
			buildPhases = (
				1C9CAB235EF1EAB7D0BE7935 /* [CP] Check Pods Manifest.lock */,
				6A3DA97AAA63E85E1007EA9C /* Sources */,
				709AC70C048D364968D6B105 /* Resources */,
				41D73979D4AC516FB5C73FED /* Frameworks */,
				9A512AEC8190AE3EAC721792 /* [CP] Embed Pods Frameworks */,
				9BD305B0AF292871579BA5F5 /* [CP] Copy Pods Resources */,
			);
			buildRules = (
			);
			dependencies = (
			);
			name = Marindeck;
			packageProductDependencies = (
				3ABE441D4AA0819E14B29C81 /* GRDB */,
			);
			productName = Marindeck;
			productReference = FAE30C0C1CFE6CE7A29A9CBA /* Marindeck.app */;
			productType = "com.apple.product-type.application";
		};
/* End PBXNativeTarget section */

/* Begin PBXProject section */
		09256D9FE435F8BEEBCFB010 /* Project object */ = {
			isa = PBXProject;
			attributes = {
				LastUpgradeCheck = 1200;
			};
			buildConfigurationList = F30EF7FF39E0A976128CD7EF /* Build configuration list for PBXProject "Marindeck" */;
			compatibilityVersion = "Xcode 10.0";
			developmentRegion = ja;
			hasScannedForEncodings = 0;
			knownRegions = (
				Base,
				en,
				ja,
			);
			mainGroup = 00C13348B9E8E8A6DD6FD9B1;
			packageReferences = (
				034493625CD1043FA25DCD6E /* XCRemoteSwiftPackageReference "GRDB.swift" */,
			);
			productRefGroup = F3B2D88A744D4945DEE74518 /* Products */;
			projectDirPath = "";
			projectRoot = "";
			targets = (
				E68C9416EFF3EEBB6DF24859 /* Marindeck */,
			);
		};
/* End PBXProject section */

/* Begin PBXResourcesBuildPhase section */
		709AC70C048D364968D6B105 /* Resources */ = {
			isa = PBXResourcesBuildPhase;
			buildActionMask = 2147483647;
			files = (
				FFA8C458A47D3EDD51D46681 /* Assets.xcassets in Resources */,
				4AF0BFBF7A64B5F36E2D887F /* CustomAddCellTableViewCell.xib in Resources */,
				BF5DF535B5886AC45B876FF3 /* CustomCellTableViewCell.xib in Resources */,
				DE99CE886EDDCA009F625D7B /* DebugerViewController.xib in Resources */,
				C6DAFF704499DBF3B3D23A75 /* EditCustomCSSViewController.xib in Resources */,
				C7018CEB7F9C12A0E6AD8FDF /* EditCustomJSViewController.xib in Resources */,
				373E08F238A3FCEF83AD5823 /* LaunchScreen.storyboard in Resources */,
				0743638307E828BD9A772B3C /* Localizable.strings in Resources */,
				BCD31C838990710888087463 /* Main.storyboard in Resources */,
				B72D1A4649CCCDD8D8B36000 /* TermsOfUse.md in Resources */,
				699138950465EEECA421C017 /* Theme-Dolce_v2.js in Resources */,
				1326B1BA7FD20DE1B7512C4C /* Theme-Frostclear.js in Resources */,
				B73C20DE057B25B228740395 /* Theme-Midnight.js in Resources */,
				993EE37513387FDC1761BA52 /* ThemeTableViewCell.xib in Resources */,
				E678A3FFB4FE7DCD1C1A18FF /* marindeck-css.js in Resources */,
				2C37830420D4AE009294F818 /* marindeck.css in Resources */,
				10774F5CFF174D6E37F48844 /* marindeck.js in Resources */,
				EA9F04366A9D889D099E56CC /* moduleraid.js in Resources */,
				05567F609DB133BE097D1E15 /* mtdeck.js in Resources */,
			);
			runOnlyForDeploymentPostprocessing = 0;
		};
/* End PBXResourcesBuildPhase section */

/* Begin PBXShellScriptBuildPhase section */
		1C9CAB235EF1EAB7D0BE7935 /* [CP] Check Pods Manifest.lock */ = {
			isa = PBXShellScriptBuildPhase;
			buildActionMask = 2147483647;
			files = (
			);
			inputFileListPaths = (
			);
			inputPaths = (
				"${PODS_PODFILE_DIR_PATH}/Podfile.lock",
				"${PODS_ROOT}/Manifest.lock",
			);
			name = "[CP] Check Pods Manifest.lock";
			outputFileListPaths = (
			);
			outputPaths = (
				"$(DERIVED_FILE_DIR)/Pods-Marindeck-checkManifestLockResult.txt",
			);
			runOnlyForDeploymentPostprocessing = 0;
			shellPath = /bin/sh;
			shellScript = "diff \"${PODS_PODFILE_DIR_PATH}/Podfile.lock\" \"${PODS_ROOT}/Manifest.lock\" > /dev/null\nif [ $? != 0 ] ; then\n    # print error to STDERR\n    echo \"error: The sandbox is not in sync with the Podfile.lock. Run 'pod install' or update your CocoaPods installation.\" >&2\n    exit 1\nfi\n# This output is used by Xcode 'outputs' to avoid re-running this script phase.\necho \"SUCCESS\" > \"${SCRIPT_OUTPUT_FILE_0}\"\n";
			showEnvVarsInLog = 0;
		};
		9A512AEC8190AE3EAC721792 /* [CP] Embed Pods Frameworks */ = {
			isa = PBXShellScriptBuildPhase;
			buildActionMask = 2147483647;
			files = (
			);
			inputFileListPaths = (
				"${PODS_ROOT}/Target Support Files/Pods-Marindeck/Pods-Marindeck-frameworks-${CONFIGURATION}-input-files.xcfilelist",
			);
			name = "[CP] Embed Pods Frameworks";
			outputFileListPaths = (
				"${PODS_ROOT}/Target Support Files/Pods-Marindeck/Pods-Marindeck-frameworks-${CONFIGURATION}-output-files.xcfilelist",
			);
			runOnlyForDeploymentPostprocessing = 0;
			shellPath = /bin/sh;
			shellScript = "\"${PODS_ROOT}/Target Support Files/Pods-Marindeck/Pods-Marindeck-frameworks.sh\"\n";
			showEnvVarsInLog = 0;
		};
		9BD305B0AF292871579BA5F5 /* [CP] Copy Pods Resources */ = {
			isa = PBXShellScriptBuildPhase;
			buildActionMask = 2147483647;
			files = (
			);
			inputFileListPaths = (
				"${PODS_ROOT}/Target Support Files/Pods-Marindeck/Pods-Marindeck-resources-${CONFIGURATION}-input-files.xcfilelist",
			);
			name = "[CP] Copy Pods Resources";
			outputFileListPaths = (
				"${PODS_ROOT}/Target Support Files/Pods-Marindeck/Pods-Marindeck-resources-${CONFIGURATION}-output-files.xcfilelist",
			);
			runOnlyForDeploymentPostprocessing = 0;
			shellPath = /bin/sh;
			shellScript = "\"${PODS_ROOT}/Target Support Files/Pods-Marindeck/Pods-Marindeck-resources.sh\"\n";
			showEnvVarsInLog = 0;
		};
/* End PBXShellScriptBuildPhase section */

/* Begin PBXSourcesBuildPhase section */
		6A3DA97AAA63E85E1007EA9C /* Sources */ = {
			isa = PBXSourcesBuildPhase;
			buildActionMask = 2147483647;
			files = (
				0D5D2FA5557A48368718BBBB /* AlamofireImageDownloader.swift in Sources */,
				1D170C71EFEB7CD71DC68C55 /* AppDelegate.swift in Sources */,
				639FCC8616D5413E3CDBF338 /* Const.swift in Sources */,
				1BBBA9919BCEE416CDEFCD60 /* CustomAddCellTableViewCell.swift in Sources */,
				B112136D1423A163E53B7899 /* CustomCSSViewController.swift in Sources */,
				BC51800CABB659731154030F /* CustomCellTableViewCell.swift in Sources */,
				AD1742744B0936524BE2104E /* CustomJSViewController.swift in Sources */,
				3164DF819864454A7A441904 /* Database.swift in Sources */,
				2F2E947158572BA7BB805F17 /* Date+timeAgoSinceDate.swift in Sources */,
				305E07F2E1D81EF1019C43EE /* DebugerViewController.swift in Sources */,
				C17D045C7DFBA907D8CBDA6E /* EditCustomCSSViewController.swift in Sources */,
				1BBDFC908AFCF4DA6313A941 /* EditCustomJSViewController.swift in Sources */,
				3F5AFD5A9025308E4342F420 /* Error+.swift in Sources */,
				F362BE3EFE79DB83BE378DA6 /* ImageHapticPreviewViewController.swift in Sources */,
				463D79FA5802D9FE2C476173 /* JSCallbackFlag.swift in Sources */,
				FAD20DA5AFEF79A873A754E9 /* LicenseViewController.swift in Sources */,
				D166E77C792EE3407E49137F /* MenuItemView.swift in Sources */,
				A959F49AB05843D529D13BBC /* MenuViewController.swift in Sources */,
				422FDA2E34C18FC993861844 /* NDTweetBtn.swift in Sources */,
				7268A1666212581FC1E8AFB6 /* SceneDelegate.swift in Sources */,
				D0CE4B10211178C5F10294D9 /* SettingsTableViewController.swift in Sources */,
				4DFF2CFC8DDAF43F5486E434 /* String+leftPadding.swift in Sources */,
				D9AC96A4E958C51B65F352FC /* String+localized.swift in Sources */,
				2D31A4D03B71020920419985 /* TermsOfUseViewController.swift in Sources */,
				EF5CC9A3DE4049437D8C47F6 /* ThemeDetailViewController.swift in Sources */,
				B3AD934F569EC65D2A9C0789 /* ThemeTableViewCell.swift in Sources */,
				10F67CF7F37797785974EAA6 /* ThemeViewController.swift in Sources */,
				5E016270A63C525EC5676C27 /* UIColor+hex.swift in Sources */,
				DE054A51DFE3AC66AC82FF09 /* UIColor+themes.swift in Sources */,
				D0996315C12282A9B004C420 /* UIImage+URL.swift in Sources */,
				55C943EA7798AA757F17BF74 /* UIView+.swift in Sources */,
				35522C19C40E1982CC3FB7CC /* ViewController+Binding.swift in Sources */,
				BC371840C8A3A3697BE6B5D0 /* ViewController+Swipe.swift in Sources */,
				4884240AEF93D99C04D60393 /* ViewController+UIContextMenuInteractionDelegate.swift in Sources */,
				713170B367E90853934EF4DC /* ViewController+WKScriptMessageHandler.swift in Sources */,
				E55742E288F1D51204FBF4A1 /* ViewController.swift in Sources */,
				2896C3CF37091C27AF607012 /* ViewCotroller+ViewSetup.swift in Sources */,
				74983D51167683F37C179FE4 /* WKWebView+evalute.swift in Sources */,
				3BA3AFB22B47EADD4BF9F845 /* WKWebView+removeToolbar.swift in Sources */,
				B0ADC7D741C2210023EB2EB5 /* WKWebView+safeAreaInsets.swift in Sources */,
				700A08AC3869D843CD9AD3C7 /* assets-images.swift in Sources */,
				76FEA5777D1D7886386A2311 /* strings.swift in Sources */,
				66818C7B5991FC395748AD10 /* DebugSettings.swift in Sources */,
			);
			runOnlyForDeploymentPostprocessing = 0;
		};
/* End PBXSourcesBuildPhase section */

/* Begin PBXVariantGroup section */
		4A6029BBAEACB54C5EEB163B /* Localizable.strings */ = {
			isa = PBXVariantGroup;
			children = (
				22A6FCC9B305701F43110856 /* en */,
				063C3BD08B759D4D0BF8E39A /* ja */,
			);
			name = Localizable.strings;
			sourceTree = "<group>";
		};
		913FB41F7FB80673C937570E /* Main.storyboard */ = {
			isa = PBXVariantGroup;
			children = (
				29D68494F42A27631702ACF9 /* Base */,
				647FF161E318915E0984AA56 /* ja */,
			);
			name = Main.storyboard;
			sourceTree = "<group>";
		};
		934F014634F10859070400B7 /* LaunchScreen.storyboard */ = {
			isa = PBXVariantGroup;
			children = (
				6CF1553083CC34E157CBFAC1 /* Base */,
			);
			name = LaunchScreen.storyboard;
			sourceTree = "<group>";
		};
/* End PBXVariantGroup section */

/* Begin XCBuildConfiguration section */
		6237380E8BAB9472B6795F4A /* Debug */ = {
			isa = XCBuildConfiguration;
			buildSettings = {
				ALWAYS_SEARCH_USER_PATHS = NO;
				CLANG_ANALYZER_NONNULL = YES;
				CLANG_ANALYZER_NUMBER_OBJECT_CONVERSION = YES_AGGRESSIVE;
				CLANG_CXX_LANGUAGE_STANDARD = "gnu++14";
				CLANG_CXX_LIBRARY = "libc++";
				CLANG_ENABLE_MODULES = YES;
				CLANG_ENABLE_OBJC_ARC = YES;
				CLANG_ENABLE_OBJC_WEAK = YES;
				CLANG_WARN_BLOCK_CAPTURE_AUTORELEASING = YES;
				CLANG_WARN_BOOL_CONVERSION = YES;
				CLANG_WARN_COMMA = YES;
				CLANG_WARN_CONSTANT_CONVERSION = YES;
				CLANG_WARN_DEPRECATED_OBJC_IMPLEMENTATIONS = YES;
				CLANG_WARN_DIRECT_OBJC_ISA_USAGE = YES_ERROR;
				CLANG_WARN_DOCUMENTATION_COMMENTS = YES;
				CLANG_WARN_EMPTY_BODY = YES;
				CLANG_WARN_ENUM_CONVERSION = YES;
				CLANG_WARN_INFINITE_RECURSION = YES;
				CLANG_WARN_INT_CONVERSION = YES;
				CLANG_WARN_NON_LITERAL_NULL_CONVERSION = YES;
				CLANG_WARN_OBJC_IMPLICIT_RETAIN_SELF = YES;
				CLANG_WARN_OBJC_LITERAL_CONVERSION = YES;
				CLANG_WARN_OBJC_ROOT_CLASS = YES_ERROR;
				CLANG_WARN_QUOTED_INCLUDE_IN_FRAMEWORK_HEADER = YES;
				CLANG_WARN_RANGE_LOOP_ANALYSIS = YES;
				CLANG_WARN_STRICT_PROTOTYPES = YES;
				CLANG_WARN_SUSPICIOUS_MOVE = YES;
				CLANG_WARN_UNGUARDED_AVAILABILITY = YES_AGGRESSIVE;
				CLANG_WARN_UNREACHABLE_CODE = YES;
				CLANG_WARN__DUPLICATE_METHOD_MATCH = YES;
				COPY_PHASE_STRIP = NO;
				CURRENT_PROJECT_VERSION = 1;
				DEBUG_INFORMATION_FORMAT = dwarf;
				ENABLE_STRICT_OBJC_MSGSEND = YES;
				ENABLE_TESTABILITY = YES;
				GCC_C_LANGUAGE_STANDARD = gnu11;
				GCC_DYNAMIC_NO_PIC = NO;
				GCC_NO_COMMON_BLOCKS = YES;
				GCC_OPTIMIZATION_LEVEL = 0;
				GCC_PREPROCESSOR_DEFINITIONS = (
					"$(inherited)",
					"DEBUG=1",
				);
				GCC_WARN_64_TO_32_BIT_CONVERSION = YES;
				GCC_WARN_ABOUT_RETURN_TYPE = YES_ERROR;
				GCC_WARN_UNDECLARED_SELECTOR = YES;
				GCC_WARN_UNINITIALIZED_AUTOS = YES_AGGRESSIVE;
				GCC_WARN_UNUSED_FUNCTION = YES;
				GCC_WARN_UNUSED_VARIABLE = YES;
				MARKETING_VERSION = 2.0.6;
				MTL_ENABLE_DEBUG_INFO = INCLUDE_SOURCE;
				MTL_FAST_MATH = YES;
				ONLY_ACTIVE_ARCH = YES;
				PRODUCT_NAME = "$(TARGET_NAME)";
				SDKROOT = iphoneos;
				SWIFT_ACTIVE_COMPILATION_CONDITIONS = DEBUG;
				SWIFT_OPTIMIZATION_LEVEL = "-Onone";
				SWIFT_VERSION = 5.0;
			};
			name = Debug;
		};
		965D2CAC81325DF8183AA4BD /* Debug */ = {
			isa = XCBuildConfiguration;
			baseConfigurationReference = DAF753D1ABDF4F00817003DD /* Pods-Marindeck.debug.xcconfig */;
			buildSettings = {
				ASSETCATALOG_COMPILER_APPICON_NAME = AppIcon;
				CODE_SIGN_IDENTITY = "iPhone Developer";
				INFOPLIST_FILE = Marindeck/Info.plist;
				IPHONEOS_DEPLOYMENT_TARGET = 14.1;
				LD_RUNPATH_SEARCH_PATHS = (
					"$(inherited)",
					"@executable_path/Frameworks",
				);
				PRODUCT_BUNDLE_IDENTIFIER = marindeck.Marindeck;
				SDKROOT = iphoneos;
				TARGETED_DEVICE_FAMILY = "1,2";
			};
			name = Debug;
		};
		9F7372CDBE2AFBF333CC4DED /* Release */ = {
			isa = XCBuildConfiguration;
			baseConfigurationReference = C06713B59772D5AC64BDA96F /* Pods-Marindeck.release.xcconfig */;
			buildSettings = {
				ASSETCATALOG_COMPILER_APPICON_NAME = AppIcon;
				CODE_SIGN_IDENTITY = "iPhone Developer";
				INFOPLIST_FILE = Marindeck/Info.plist;
				IPHONEOS_DEPLOYMENT_TARGET = 14.1;
				LD_RUNPATH_SEARCH_PATHS = (
					"$(inherited)",
					"@executable_path/Frameworks",
				);
				PRODUCT_BUNDLE_IDENTIFIER = marindeck.Marindeck;
				SDKROOT = iphoneos;
				TARGETED_DEVICE_FAMILY = "1,2";
			};
			name = Release;
		};
		A26060ACAD69A1ADDDCAD7AF /* Release */ = {
			isa = XCBuildConfiguration;
			buildSettings = {
				ALWAYS_SEARCH_USER_PATHS = NO;
				CLANG_ANALYZER_NONNULL = YES;
				CLANG_ANALYZER_NUMBER_OBJECT_CONVERSION = YES_AGGRESSIVE;
				CLANG_CXX_LANGUAGE_STANDARD = "gnu++14";
				CLANG_CXX_LIBRARY = "libc++";
				CLANG_ENABLE_MODULES = YES;
				CLANG_ENABLE_OBJC_ARC = YES;
				CLANG_ENABLE_OBJC_WEAK = YES;
				CLANG_WARN_BLOCK_CAPTURE_AUTORELEASING = YES;
				CLANG_WARN_BOOL_CONVERSION = YES;
				CLANG_WARN_COMMA = YES;
				CLANG_WARN_CONSTANT_CONVERSION = YES;
				CLANG_WARN_DEPRECATED_OBJC_IMPLEMENTATIONS = YES;
				CLANG_WARN_DIRECT_OBJC_ISA_USAGE = YES_ERROR;
				CLANG_WARN_DOCUMENTATION_COMMENTS = YES;
				CLANG_WARN_EMPTY_BODY = YES;
				CLANG_WARN_ENUM_CONVERSION = YES;
				CLANG_WARN_INFINITE_RECURSION = YES;
				CLANG_WARN_INT_CONVERSION = YES;
				CLANG_WARN_NON_LITERAL_NULL_CONVERSION = YES;
				CLANG_WARN_OBJC_IMPLICIT_RETAIN_SELF = YES;
				CLANG_WARN_OBJC_LITERAL_CONVERSION = YES;
				CLANG_WARN_OBJC_ROOT_CLASS = YES_ERROR;
				CLANG_WARN_QUOTED_INCLUDE_IN_FRAMEWORK_HEADER = YES;
				CLANG_WARN_RANGE_LOOP_ANALYSIS = YES;
				CLANG_WARN_STRICT_PROTOTYPES = YES;
				CLANG_WARN_SUSPICIOUS_MOVE = YES;
				CLANG_WARN_UNGUARDED_AVAILABILITY = YES_AGGRESSIVE;
				CLANG_WARN_UNREACHABLE_CODE = YES;
				CLANG_WARN__DUPLICATE_METHOD_MATCH = YES;
				COPY_PHASE_STRIP = NO;
				CURRENT_PROJECT_VERSION = 1;
				DEBUG_INFORMATION_FORMAT = "dwarf-with-dsym";
				ENABLE_NS_ASSERTIONS = NO;
				ENABLE_STRICT_OBJC_MSGSEND = YES;
				GCC_C_LANGUAGE_STANDARD = gnu11;
				GCC_NO_COMMON_BLOCKS = YES;
				GCC_WARN_64_TO_32_BIT_CONVERSION = YES;
				GCC_WARN_ABOUT_RETURN_TYPE = YES_ERROR;
				GCC_WARN_UNDECLARED_SELECTOR = YES;
				GCC_WARN_UNINITIALIZED_AUTOS = YES_AGGRESSIVE;
				GCC_WARN_UNUSED_FUNCTION = YES;
				GCC_WARN_UNUSED_VARIABLE = YES;
				MARKETING_VERSION = 2.0.6;
				MTL_ENABLE_DEBUG_INFO = NO;
				MTL_FAST_MATH = YES;
				PRODUCT_NAME = "$(TARGET_NAME)";
				SDKROOT = iphoneos;
				SWIFT_COMPILATION_MODE = wholemodule;
				SWIFT_OPTIMIZATION_LEVEL = "-O";
				SWIFT_VERSION = 5.0;
			};
			name = Release;
		};
/* End XCBuildConfiguration section */

/* Begin XCConfigurationList section */
		9B66A358E3830D480E25FC66 /* Build configuration list for PBXNativeTarget "Marindeck" */ = {
			isa = XCConfigurationList;
			buildConfigurations = (
				965D2CAC81325DF8183AA4BD /* Debug */,
				9F7372CDBE2AFBF333CC4DED /* Release */,
			);
			defaultConfigurationIsVisible = 0;
			defaultConfigurationName = Debug;
		};
		F30EF7FF39E0A976128CD7EF /* Build configuration list for PBXProject "Marindeck" */ = {
			isa = XCConfigurationList;
			buildConfigurations = (
				6237380E8BAB9472B6795F4A /* Debug */,
				A26060ACAD69A1ADDDCAD7AF /* Release */,
			);
			defaultConfigurationIsVisible = 0;
			defaultConfigurationName = Debug;
		};
/* End XCConfigurationList section */

/* Begin XCRemoteSwiftPackageReference section */
		034493625CD1043FA25DCD6E /* XCRemoteSwiftPackageReference "GRDB.swift" */ = {
			isa = XCRemoteSwiftPackageReference;
			repositoryURL = "https://github.com/groue/GRDB.swift";
			requirement = {
				kind = exactVersion;
				version = 5.12.0;
			};
		};
/* End XCRemoteSwiftPackageReference section */

/* Begin XCSwiftPackageProductDependency section */
		3ABE441D4AA0819E14B29C81 /* GRDB */ = {
			isa = XCSwiftPackageProductDependency;
			package = 034493625CD1043FA25DCD6E /* XCRemoteSwiftPackageReference "GRDB.swift" */;
			productName = GRDB;
		};
/* End XCSwiftPackageProductDependency section */
	};
	rootObject = 09256D9FE435F8BEEBCFB010 /* Project object */;
}
